// !$*UTF8*$!
{
	archiveVersion = 1;
	classes = {
	};
	objectVersion = 51;
	objects = {

/* Begin PBXBuildFile section */
		510BB17123A1EFA800A97F0A /* NSObject+HyProtocol.m in Sources */ = {isa = PBXBuildFile; fileRef = 510BB16F23A1EFA800A97F0A /* NSObject+HyProtocol.m */; };
		510BB23A23A72B7100A97F0A /* HyNetworkCompletionObject.m in Sources */ = {isa = PBXBuildFile; fileRef = 510BB23123A72B7100A97F0A /* HyNetworkCompletionObject.m */; };
		510BB23B23A72B7100A97F0A /* HyNetworkFailureObject.m in Sources */ = {isa = PBXBuildFile; fileRef = 510BB23223A72B7100A97F0A /* HyNetworkFailureObject.m */; };
		510BB23C23A72B7100A97F0A /* HyNetworkBaseTaskInfo.m in Sources */ = {isa = PBXBuildFile; fileRef = 510BB23423A72B7100A97F0A /* HyNetworkBaseTaskInfo.m */; };
		510BB23D23A72B7100A97F0A /* HyNetwork.m in Sources */ = {isa = PBXBuildFile; fileRef = 510BB23623A72B7100A97F0A /* HyNetwork.m */; };
		510BB23E23A72B7100A97F0A /* HyNetworkSuccessObject.m in Sources */ = {isa = PBXBuildFile; fileRef = 510BB23923A72B7100A97F0A /* HyNetworkSuccessObject.m */; };
		510BB24423A734D700A97F0A /* HyNetworkSignleTaskInfo.m in Sources */ = {isa = PBXBuildFile; fileRef = 510BB24323A734D700A97F0A /* HyNetworkSignleTaskInfo.m */; };
		510BB24723A734E400A97F0A /* HyNetworkMutipleTasksInfo.m in Sources */ = {isa = PBXBuildFile; fileRef = 510BB24623A734E400A97F0A /* HyNetworkMutipleTasksInfo.m */; };
		510BB25123A75BAF00A97F0A /* HyNetworkMutipleTasks.m in Sources */ = {isa = PBXBuildFile; fileRef = 510BB25023A75BAF00A97F0A /* HyNetworkMutipleTasks.m */; };
		5120D98423851193002B3A1C /* RACSignal+HyViewControllerJump.m in Sources */ = {isa = PBXBuildFile; fileRef = 5120D98323851193002B3A1C /* RACSignal+HyViewControllerJump.m */; };
		5120D987238511A4002B3A1C /* RACCommand+HyViewControllerJump.m in Sources */ = {isa = PBXBuildFile; fileRef = 5120D986238511A4002B3A1C /* RACCommand+HyViewControllerJump.m */; };
		51343503238E1B64007600EA /* UITableView+HySignalExtension.m in Sources */ = {isa = PBXBuildFile; fileRef = 51343502238E1B64007600EA /* UITableView+HySignalExtension.m */; };
		51343506238E20A7007600EA /* UICollectionView+HySignalExtension.m in Sources */ = {isa = PBXBuildFile; fileRef = 51343505238E20A7007600EA /* UICollectionView+HySignalExtension.m */; };
		5134352F238E877D007600EA /* KafkaRefreshFooter.m in Sources */ = {isa = PBXBuildFile; fileRef = 5134351E238E877D007600EA /* KafkaRefreshFooter.m */; };
		51343530238E877D007600EA /* KafkaRefreshHeader.m in Sources */ = {isa = PBXBuildFile; fileRef = 5134351F238E877D007600EA /* KafkaRefreshHeader.m */; };
		51343531238E877D007600EA /* KafkaRefreshFactory.m in Sources */ = {isa = PBXBuildFile; fileRef = 51343521238E877D007600EA /* KafkaRefreshFactory.m */; };
		51343532238E877D007600EA /* MJRefreshViewHeader.m in Sources */ = {isa = PBXBuildFile; fileRef = 51343529238E877D007600EA /* MJRefreshViewHeader.m */; };
		51343533238E877D007600EA /* MJRefreshViewFooter.m in Sources */ = {isa = PBXBuildFile; fileRef = 5134352A238E877D007600EA /* MJRefreshViewFooter.m */; };
		51343534238E877D007600EA /* MJRefreshViewFactory.m in Sources */ = {isa = PBXBuildFile; fileRef = 5134352B238E877D007600EA /* MJRefreshViewFactory.m */; };
		51343535238E877D007600EA /* HyRefreshViewManager.m in Sources */ = {isa = PBXBuildFile; fileRef = 5134352D238E877D007600EA /* HyRefreshViewManager.m */; };
		51343545238FAD48007600EA /* HyNetworkManager.m in Sources */ = {isa = PBXBuildFile; fileRef = 51343544238FAD48007600EA /* HyNetworkManager.m */; };
		51343549238FB6C7007600EA /* AFNetwork.m in Sources */ = {isa = PBXBuildFile; fileRef = 51343548238FB6C7007600EA /* AFNetwork.m */; };
		5134354C238FC0EE007600EA /* AFNetworkSingleTask.m in Sources */ = {isa = PBXBuildFile; fileRef = 5134354B238FC0EE007600EA /* AFNetworkSingleTask.m */; };
		513435542390B68D007600EA /* RACCommand+Network.m in Sources */ = {isa = PBXBuildFile; fileRef = 513435512390B68D007600EA /* RACCommand+Network.m */; };
		513435552390B68D007600EA /* RACSignal+Network.m in Sources */ = {isa = PBXBuildFile; fileRef = 513435522390B68D007600EA /* RACSignal+Network.m */; };
		5134355B2390BD15007600EA /* AFMultipartFormDataObject.m in Sources */ = {isa = PBXBuildFile; fileRef = 5134355A2390BD15007600EA /* AFMultipartFormDataObject.m */; };
		513435652390C689007600EA /* YYNetworkCache.m in Sources */ = {isa = PBXBuildFile; fileRef = 513435632390C689007600EA /* YYNetworkCache.m */; };
		513435812394F414007600EA /* HyHUD.m in Sources */ = {isa = PBXBuildFile; fileRef = 5134357D2394F414007600EA /* HyHUD.m */; };
		513435822394F414007600EA /* HyHUDView.m in Sources */ = {isa = PBXBuildFile; fileRef = 5134357E2394F414007600EA /* HyHUDView.m */; };
		5134358823966F55007600EA /* HyTipStatus.m in Sources */ = {isa = PBXBuildFile; fileRef = 5134358723966F55007600EA /* HyTipStatus.m */; };
		5134358B23966F63007600EA /* HyTipStatusView.m in Sources */ = {isa = PBXBuildFile; fileRef = 5134358A23966F63007600EA /* HyTipStatusView.m */; };
		513435992397666A007600EA /* HyTipView.m in Sources */ = {isa = PBXBuildFile; fileRef = 513435942397666A007600EA /* HyTipView.m */; };
		5134359F239766A9007600EA /* HyTipViewAnimation.m in Sources */ = {isa = PBXBuildFile; fileRef = 5134359D239766A9007600EA /* HyTipViewAnimation.m */; };
		513435EF23978F5D007600EA /* HyTipViewAnimationDismissNone.m in Sources */ = {isa = PBXBuildFile; fileRef = 513435EE23978F5D007600EA /* HyTipViewAnimationDismissNone.m */; };
		513435F223978F68007600EA /* HyTipViewAnimationDismissFade.m in Sources */ = {isa = PBXBuildFile; fileRef = 513435F123978F68007600EA /* HyTipViewAnimationDismissFade.m */; };
		5134360D23979D49007600EA /* HyTipViewAnimationDismissScale.m in Sources */ = {isa = PBXBuildFile; fileRef = 5134360C23979D49007600EA /* HyTipViewAnimationDismissScale.m */; };
		5134361023979F92007600EA /* HyTipViewAnimationDismissTranslation.m in Sources */ = {isa = PBXBuildFile; fileRef = 5134360F23979F92007600EA /* HyTipViewAnimationDismissTranslation.m */; };
		513436132397A1AB007600EA /* HyTipViewAnimationDismissStretch.m in Sources */ = {isa = PBXBuildFile; fileRef = 513436122397A1AB007600EA /* HyTipViewAnimationDismissStretch.m */; };
		513436182397A6FB007600EA /* HyTipViewPosition.m in Sources */ = {isa = PBXBuildFile; fileRef = 513436172397A6FB007600EA /* HyTipViewPosition.m */; };
		5134361B2397B35F007600EA /* HyTipViewAnimationShowNone.m in Sources */ = {isa = PBXBuildFile; fileRef = 5134361A2397B35F007600EA /* HyTipViewAnimationShowNone.m */; };
		5134361E2397B3F3007600EA /* HyTipViewAnimationShowFade.m in Sources */ = {isa = PBXBuildFile; fileRef = 5134361D2397B3F3007600EA /* HyTipViewAnimationShowFade.m */; };
		513436212397B3FE007600EA /* HyTipViewAnimationShowScale.m in Sources */ = {isa = PBXBuildFile; fileRef = 513436202397B3FE007600EA /* HyTipViewAnimationShowScale.m */; };
		513436242397B410007600EA /* HyTipViewAnimationShowTranslation.m in Sources */ = {isa = PBXBuildFile; fileRef = 513436232397B410007600EA /* HyTipViewAnimationShowTranslation.m */; };
		513436272397B41E007600EA /* HyTipViewAnimationShowStretch.m in Sources */ = {isa = PBXBuildFile; fileRef = 513436262397B41E007600EA /* HyTipViewAnimationShowStretch.m */; };
		51559EC923827A59007904C8 /* AppDelegate.m in Sources */ = {isa = PBXBuildFile; fileRef = 51559EC823827A59007904C8 /* AppDelegate.m */; };
		51559ECC23827A59007904C8 /* SceneDelegate.m in Sources */ = {isa = PBXBuildFile; fileRef = 51559ECB23827A59007904C8 /* SceneDelegate.m */; };
		51559ECF23827A59007904C8 /* ViewController.m in Sources */ = {isa = PBXBuildFile; fileRef = 51559ECE23827A59007904C8 /* ViewController.m */; };
		51559ED223827A59007904C8 /* Main.storyboard in Resources */ = {isa = PBXBuildFile; fileRef = 51559ED023827A59007904C8 /* Main.storyboard */; };
		51559ED423827A59007904C8 /* Assets.xcassets in Resources */ = {isa = PBXBuildFile; fileRef = 51559ED323827A59007904C8 /* Assets.xcassets */; };
		51559ED723827A59007904C8 /* LaunchScreen.storyboard in Resources */ = {isa = PBXBuildFile; fileRef = 51559ED523827A59007904C8 /* LaunchScreen.storyboard */; };
		51559EDA23827A59007904C8 /* main.m in Sources */ = {isa = PBXBuildFile; fileRef = 51559ED923827A59007904C8 /* main.m */; };
		51559EE423827A5A007904C8 /* DemoCodeTests.m in Sources */ = {isa = PBXBuildFile; fileRef = 51559EE323827A5A007904C8 /* DemoCodeTests.m */; };
		51559EEF23827A5A007904C8 /* DemoCodeUITests.m in Sources */ = {isa = PBXBuildFile; fileRef = 51559EEE23827A5A007904C8 /* DemoCodeUITests.m */; };
		51559F192382806C007904C8 /* RACSignal+HyExtension.m in Sources */ = {isa = PBXBuildFile; fileRef = 51559F182382806C007904C8 /* RACSignal+HyExtension.m */; };
		51559F1C2382807F007904C8 /* RACCommand+HyExtension.m in Sources */ = {isa = PBXBuildFile; fileRef = 51559F1B2382807F007904C8 /* RACCommand+HyExtension.m */; };
		51559F1F2382808E007904C8 /* RACSubject+HyExtension.m in Sources */ = {isa = PBXBuildFile; fileRef = 51559F1E2382808E007904C8 /* RACSubject+HyExtension.m */; };
		51559F5D23838ECD007904C8 /* HyMeViewController.m in Sources */ = {isa = PBXBuildFile; fileRef = 51559F5C23838ECD007904C8 /* HyMeViewController.m */; };
		51559F602383913F007904C8 /* HyMeViewModel.m in Sources */ = {isa = PBXBuildFile; fileRef = 51559F5F2383913F007904C8 /* HyMeViewModel.m */; };
		51559F6323839153007904C8 /* HyMeModel.m in Sources */ = {isa = PBXBuildFile; fileRef = 51559F6223839153007904C8 /* HyMeModel.m */; };
		51559F6623839161007904C8 /* HyMeView.m in Sources */ = {isa = PBXBuildFile; fileRef = 51559F6523839161007904C8 /* HyMeView.m */; };
		51559F7C2383F9E0007904C8 /* HyTextFieldView.m in Sources */ = {isa = PBXBuildFile; fileRef = 51559F7B2383F9E0007904C8 /* HyTextFieldView.m */; };
		51784F202387FE0C00EB2F14 /* HyRecommendViewController.m in Sources */ = {isa = PBXBuildFile; fileRef = 51784F1F2387FE0C00EB2F14 /* HyRecommendViewController.m */; };
		51784F232387FE1E00EB2F14 /* HyRecommendViewModel.m in Sources */ = {isa = PBXBuildFile; fileRef = 51784F222387FE1E00EB2F14 /* HyRecommendViewModel.m */; };
		51784F262387FE3400EB2F14 /* HyRecommendCell.m in Sources */ = {isa = PBXBuildFile; fileRef = 51784F252387FE3400EB2F14 /* HyRecommendCell.m */; };
		51784F29238CCB9000EB2F14 /* HyTabBarController.m in Sources */ = {isa = PBXBuildFile; fileRef = 51784F28238CCB9000EB2F14 /* HyTabBarController.m */; };
		51784F59238CF47500EB2F14 /* HyTableView.m in Sources */ = {isa = PBXBuildFile; fileRef = 51784F48238CF47500EB2F14 /* HyTableView.m */; };
		51784F5A238CF47500EB2F14 /* HyModel.m in Sources */ = {isa = PBXBuildFile; fileRef = 51784F49238CF47500EB2F14 /* HyModel.m */; };
		51784F5B238CF47500EB2F14 /* HyListViewModel.m in Sources */ = {isa = PBXBuildFile; fileRef = 51784F4A238CF47500EB2F14 /* HyListViewModel.m */; };
		51784F5C238CF47500EB2F14 /* HyView.m in Sources */ = {isa = PBXBuildFile; fileRef = 51784F4B238CF47500EB2F14 /* HyView.m */; };
		51784F5D238CF47500EB2F14 /* HyListModel.m in Sources */ = {isa = PBXBuildFile; fileRef = 51784F4C238CF47500EB2F14 /* HyListModel.m */; };
		51784F5E238CF47500EB2F14 /* HyViewModel.m in Sources */ = {isa = PBXBuildFile; fileRef = 51784F4D238CF47500EB2F14 /* HyViewModel.m */; };
		51784F60238CF47500EB2F14 /* HyCollectionView.m in Sources */ = {isa = PBXBuildFile; fileRef = 51784F4F238CF47500EB2F14 /* HyCollectionView.m */; };
		51784F61238CF47500EB2F14 /* HyViewController.m in Sources */ = {isa = PBXBuildFile; fileRef = 51784F53238CF47500EB2F14 /* HyViewController.m */; };
		51A247912399155B002497BB /* HyTip.m in Sources */ = {isa = PBXBuildFile; fileRef = 51A247902399155B002497BB /* HyTip.m */; };
		51A247962399FBB4002497BB /* HyTipText.m in Sources */ = {isa = PBXBuildFile; fileRef = 51A247952399FBB4002497BB /* HyTipText.m */; };
		51A247992399FBC8002497BB /* HyTipTextView.m in Sources */ = {isa = PBXBuildFile; fileRef = 51A247982399FBC8002497BB /* HyTipTextView.m */; };
		51A247B4239A44CB002497BB /* HyTipTopTool.m in Sources */ = {isa = PBXBuildFile; fileRef = 51A247B3239A44CB002497BB /* HyTipTopTool.m */; };
		51A247B7239A4A3B002497BB /* HyTipCenterTool.m in Sources */ = {isa = PBXBuildFile; fileRef = 51A247B6239A4A3B002497BB /* HyTipCenterTool.m */; };
		51A247BA239A4AF4002497BB /* HyTipBottomTool.m in Sources */ = {isa = PBXBuildFile; fileRef = 51A247B9239A4AF4002497BB /* HyTipBottomTool.m */; };
		51A2483A239F5345002497BB /* HyRefreshAnimationView.m in Sources */ = {isa = PBXBuildFile; fileRef = 51A24839239F5345002497BB /* HyRefreshAnimationView.m */; };
		51CF98EE2387C5CD00207DB3 /* HyNewsViewController.m in Sources */ = {isa = PBXBuildFile; fileRef = 51CF98ED2387C5CD00207DB3 /* HyNewsViewController.m */; };
		51CF98F12387C5EA00207DB3 /* HyNewsViewModel.m in Sources */ = {isa = PBXBuildFile; fileRef = 51CF98F02387C5EA00207DB3 /* HyNewsViewModel.m */; };
		51CF98F42387C63300207DB3 /* HyNewsModel.m in Sources */ = {isa = PBXBuildFile; fileRef = 51CF98F32387C63300207DB3 /* HyNewsModel.m */; };
		51CF98F72387C76C00207DB3 /* HyNewsImageCell.m in Sources */ = {isa = PBXBuildFile; fileRef = 51CF98F62387C76C00207DB3 /* HyNewsImageCell.m */; };
		51CF98FA2387C77C00207DB3 /* HyNewsCell.m in Sources */ = {isa = PBXBuildFile; fileRef = 51CF98F92387C77C00207DB3 /* HyNewsCell.m */; };
		7C9D82519AEA4A94F910CAEE /* Pods_DemoCode.framework in Frameworks */ = {isa = PBXBuildFile; fileRef = 0A4370958740260EABFA1F4A /* Pods_DemoCode.framework */; };
/* End PBXBuildFile section */

/* Begin PBXContainerItemProxy section */
		51559EE023827A5A007904C8 /* PBXContainerItemProxy */ = {
			isa = PBXContainerItemProxy;
			containerPortal = 51559EBC23827A59007904C8 /* Project object */;
			proxyType = 1;
			remoteGlobalIDString = 51559EC323827A59007904C8;
			remoteInfo = DemoCode;
		};
		51559EEB23827A5A007904C8 /* PBXContainerItemProxy */ = {
			isa = PBXContainerItemProxy;
			containerPortal = 51559EBC23827A59007904C8 /* Project object */;
			proxyType = 1;
			remoteGlobalIDString = 51559EC323827A59007904C8;
			remoteInfo = DemoCode;
		};
/* End PBXContainerItemProxy section */

/* Begin PBXFileReference section */
		0A4370958740260EABFA1F4A /* Pods_DemoCode.framework */ = {isa = PBXFileReference; explicitFileType = wrapper.framework; includeInIndex = 0; path = Pods_DemoCode.framework; sourceTree = BUILT_PRODUCTS_DIR; };
		4692DDED328B7273CF5A20E9 /* Pods-DemoCode.debug.xcconfig */ = {isa = PBXFileReference; includeInIndex = 1; lastKnownFileType = text.xcconfig; name = "Pods-DemoCode.debug.xcconfig"; path = "Target Support Files/Pods-DemoCode/Pods-DemoCode.debug.xcconfig"; sourceTree = "<group>"; };
		510BB16F23A1EFA800A97F0A /* NSObject+HyProtocol.m */ = {isa = PBXFileReference; fileEncoding = 4; lastKnownFileType = sourcecode.c.objc; path = "NSObject+HyProtocol.m"; sourceTree = "<group>"; };
		510BB17023A1EFA800A97F0A /* NSObject+HyProtocol.h */ = {isa = PBXFileReference; fileEncoding = 4; lastKnownFileType = sourcecode.c.h; path = "NSObject+HyProtocol.h"; sourceTree = "<group>"; };
		510BB22323A7268B00A97F0A /* HyNetworkSuccessProtocol.h */ = {isa = PBXFileReference; lastKnownFileType = sourcecode.c.h; path = HyNetworkSuccessProtocol.h; sourceTree = "<group>"; };
		510BB22423A726AD00A97F0A /* HyNetworkFailureProtocol.h */ = {isa = PBXFileReference; lastKnownFileType = sourcecode.c.h; path = HyNetworkFailureProtocol.h; sourceTree = "<group>"; };
		510BB22523A726DF00A97F0A /* HyNetworkCompletionProtocol.h */ = {isa = PBXFileReference; lastKnownFileType = sourcecode.c.h; path = HyNetworkCompletionProtocol.h; sourceTree = "<group>"; };
		510BB23023A72B7100A97F0A /* HyNetwork.h */ = {isa = PBXFileReference; fileEncoding = 4; lastKnownFileType = sourcecode.c.h; path = HyNetwork.h; sourceTree = "<group>"; };
		510BB23123A72B7100A97F0A /* HyNetworkCompletionObject.m */ = {isa = PBXFileReference; fileEncoding = 4; lastKnownFileType = sourcecode.c.objc; path = HyNetworkCompletionObject.m; sourceTree = "<group>"; };
		510BB23223A72B7100A97F0A /* HyNetworkFailureObject.m */ = {isa = PBXFileReference; fileEncoding = 4; lastKnownFileType = sourcecode.c.objc; path = HyNetworkFailureObject.m; sourceTree = "<group>"; };
		510BB23323A72B7100A97F0A /* HyNetworkSuccessObject.h */ = {isa = PBXFileReference; fileEncoding = 4; lastKnownFileType = sourcecode.c.h; path = HyNetworkSuccessObject.h; sourceTree = "<group>"; };
		510BB23423A72B7100A97F0A /* HyNetworkBaseTaskInfo.m */ = {isa = PBXFileReference; fileEncoding = 4; lastKnownFileType = sourcecode.c.objc; path = HyNetworkBaseTaskInfo.m; sourceTree = "<group>"; };
		510BB23523A72B7100A97F0A /* HyNetworkCompletionObject.h */ = {isa = PBXFileReference; fileEncoding = 4; lastKnownFileType = sourcecode.c.h; path = HyNetworkCompletionObject.h; sourceTree = "<group>"; };
		510BB23623A72B7100A97F0A /* HyNetwork.m */ = {isa = PBXFileReference; fileEncoding = 4; lastKnownFileType = sourcecode.c.objc; path = HyNetwork.m; sourceTree = "<group>"; };
		510BB23723A72B7100A97F0A /* HyNetworkFailureObject.h */ = {isa = PBXFileReference; fileEncoding = 4; lastKnownFileType = sourcecode.c.h; path = HyNetworkFailureObject.h; sourceTree = "<group>"; };
		510BB23823A72B7100A97F0A /* HyNetworkBaseTaskInfo.h */ = {isa = PBXFileReference; fileEncoding = 4; lastKnownFileType = sourcecode.c.h; path = HyNetworkBaseTaskInfo.h; sourceTree = "<group>"; };
		510BB23923A72B7100A97F0A /* HyNetworkSuccessObject.m */ = {isa = PBXFileReference; fileEncoding = 4; lastKnownFileType = sourcecode.c.objc; path = HyNetworkSuccessObject.m; sourceTree = "<group>"; };
		510BB24123A7335600A97F0A /* HyNetworkMutipleTasksInfoProtocol.h */ = {isa = PBXFileReference; lastKnownFileType = sourcecode.c.h; path = HyNetworkMutipleTasksInfoProtocol.h; sourceTree = "<group>"; };
		510BB24223A734D700A97F0A /* HyNetworkSignleTaskInfo.h */ = {isa = PBXFileReference; lastKnownFileType = sourcecode.c.h; path = HyNetworkSignleTaskInfo.h; sourceTree = "<group>"; };
		510BB24323A734D700A97F0A /* HyNetworkSignleTaskInfo.m */ = {isa = PBXFileReference; lastKnownFileType = sourcecode.c.objc; path = HyNetworkSignleTaskInfo.m; sourceTree = "<group>"; };
		510BB24523A734E400A97F0A /* HyNetworkMutipleTasksInfo.h */ = {isa = PBXFileReference; lastKnownFileType = sourcecode.c.h; path = HyNetworkMutipleTasksInfo.h; sourceTree = "<group>"; };
		510BB24623A734E400A97F0A /* HyNetworkMutipleTasksInfo.m */ = {isa = PBXFileReference; lastKnownFileType = sourcecode.c.objc; path = HyNetworkMutipleTasksInfo.m; sourceTree = "<group>"; };
		510BB24823A7392100A97F0A /* HyNetworkSingleTaskProtocol.h */ = {isa = PBXFileReference; lastKnownFileType = sourcecode.c.h; path = HyNetworkSingleTaskProtocol.h; sourceTree = "<group>"; };
		510BB24C23A73E5900A97F0A /* HyNetworkTypedef.h */ = {isa = PBXFileReference; lastKnownFileType = sourcecode.c.h; path = HyNetworkTypedef.h; sourceTree = "<group>"; };
		510BB24D23A7420D00A97F0A /* HyNetworkBaseTaskInfoProtocol.h */ = {isa = PBXFileReference; lastKnownFileType = sourcecode.c.h; path = HyNetworkBaseTaskInfoProtocol.h; sourceTree = "<group>"; };
		510BB24E23A7568800A97F0A /* HyNetworkSingleTaskInfoProtocol.h */ = {isa = PBXFileReference; lastKnownFileType = sourcecode.c.h; path = HyNetworkSingleTaskInfoProtocol.h; sourceTree = "<group>"; };
		510BB24F23A75BAF00A97F0A /* HyNetworkMutipleTasks.h */ = {isa = PBXFileReference; lastKnownFileType = sourcecode.c.h; path = HyNetworkMutipleTasks.h; sourceTree = "<group>"; };
		510BB25023A75BAF00A97F0A /* HyNetworkMutipleTasks.m */ = {isa = PBXFileReference; lastKnownFileType = sourcecode.c.objc; path = HyNetworkMutipleTasks.m; sourceTree = "<group>"; };
		510BB25223A75C8200A97F0A /* HyNetworkMutipleTasksProtocol.h */ = {isa = PBXFileReference; lastKnownFileType = sourcecode.c.h; path = HyNetworkMutipleTasksProtocol.h; sourceTree = "<group>"; };
		5120D98223851193002B3A1C /* RACSignal+HyViewControllerJump.h */ = {isa = PBXFileReference; lastKnownFileType = sourcecode.c.h; path = "RACSignal+HyViewControllerJump.h"; sourceTree = "<group>"; };
		5120D98323851193002B3A1C /* RACSignal+HyViewControllerJump.m */ = {isa = PBXFileReference; lastKnownFileType = sourcecode.c.objc; path = "RACSignal+HyViewControllerJump.m"; sourceTree = "<group>"; };
		5120D985238511A4002B3A1C /* RACCommand+HyViewControllerJump.h */ = {isa = PBXFileReference; lastKnownFileType = sourcecode.c.h; path = "RACCommand+HyViewControllerJump.h"; sourceTree = "<group>"; };
		5120D986238511A4002B3A1C /* RACCommand+HyViewControllerJump.m */ = {isa = PBXFileReference; lastKnownFileType = sourcecode.c.objc; path = "RACCommand+HyViewControllerJump.m"; sourceTree = "<group>"; };
		51343501238E1B64007600EA /* UITableView+HySignalExtension.h */ = {isa = PBXFileReference; lastKnownFileType = sourcecode.c.h; path = "UITableView+HySignalExtension.h"; sourceTree = "<group>"; };
		51343502238E1B64007600EA /* UITableView+HySignalExtension.m */ = {isa = PBXFileReference; lastKnownFileType = sourcecode.c.objc; path = "UITableView+HySignalExtension.m"; sourceTree = "<group>"; };
		51343504238E20A7007600EA /* UICollectionView+HySignalExtension.h */ = {isa = PBXFileReference; lastKnownFileType = sourcecode.c.h; path = "UICollectionView+HySignalExtension.h"; sourceTree = "<group>"; };
		51343505238E20A7007600EA /* UICollectionView+HySignalExtension.m */ = {isa = PBXFileReference; lastKnownFileType = sourcecode.c.objc; path = "UICollectionView+HySignalExtension.m"; sourceTree = "<group>"; };
		5134351E238E877D007600EA /* KafkaRefreshFooter.m */ = {isa = PBXFileReference; fileEncoding = 4; lastKnownFileType = sourcecode.c.objc; path = KafkaRefreshFooter.m; sourceTree = "<group>"; };
		5134351F238E877D007600EA /* KafkaRefreshHeader.m */ = {isa = PBXFileReference; fileEncoding = 4; lastKnownFileType = sourcecode.c.objc; path = KafkaRefreshHeader.m; sourceTree = "<group>"; };
		51343520238E877D007600EA /* KafkaRefreshFactory.h */ = {isa = PBXFileReference; fileEncoding = 4; lastKnownFileType = sourcecode.c.h; path = KafkaRefreshFactory.h; sourceTree = "<group>"; };
		51343521238E877D007600EA /* KafkaRefreshFactory.m */ = {isa = PBXFileReference; fileEncoding = 4; lastKnownFileType = sourcecode.c.objc; path = KafkaRefreshFactory.m; sourceTree = "<group>"; };
		51343522238E877D007600EA /* KafkaRefreshHeader.h */ = {isa = PBXFileReference; fileEncoding = 4; lastKnownFileType = sourcecode.c.h; path = KafkaRefreshHeader.h; sourceTree = "<group>"; };
		51343523238E877D007600EA /* KafkaRefreshFooter.h */ = {isa = PBXFileReference; fileEncoding = 4; lastKnownFileType = sourcecode.c.h; path = KafkaRefreshFooter.h; sourceTree = "<group>"; };
		51343524238E877D007600EA /* HyRefreshViewProtocol.h */ = {isa = PBXFileReference; fileEncoding = 4; lastKnownFileType = sourcecode.c.h; path = HyRefreshViewProtocol.h; sourceTree = "<group>"; };
		51343526238E877D007600EA /* MJRefreshViewFooter.h */ = {isa = PBXFileReference; fileEncoding = 4; lastKnownFileType = sourcecode.c.h; path = MJRefreshViewFooter.h; sourceTree = "<group>"; };
		51343527238E877D007600EA /* MJRefreshViewHeader.h */ = {isa = PBXFileReference; fileEncoding = 4; lastKnownFileType = sourcecode.c.h; path = MJRefreshViewHeader.h; sourceTree = "<group>"; };
		51343528238E877D007600EA /* MJRefreshViewFactory.h */ = {isa = PBXFileReference; fileEncoding = 4; lastKnownFileType = sourcecode.c.h; path = MJRefreshViewFactory.h; sourceTree = "<group>"; };
		51343529238E877D007600EA /* MJRefreshViewHeader.m */ = {isa = PBXFileReference; fileEncoding = 4; lastKnownFileType = sourcecode.c.objc; path = MJRefreshViewHeader.m; sourceTree = "<group>"; };
		5134352A238E877D007600EA /* MJRefreshViewFooter.m */ = {isa = PBXFileReference; fileEncoding = 4; lastKnownFileType = sourcecode.c.objc; path = MJRefreshViewFooter.m; sourceTree = "<group>"; };
		5134352B238E877D007600EA /* MJRefreshViewFactory.m */ = {isa = PBXFileReference; fileEncoding = 4; lastKnownFileType = sourcecode.c.objc; path = MJRefreshViewFactory.m; sourceTree = "<group>"; };
		5134352C238E877D007600EA /* HyRefreshViewFactoryProtocol.h */ = {isa = PBXFileReference; fileEncoding = 4; lastKnownFileType = sourcecode.c.h; path = HyRefreshViewFactoryProtocol.h; sourceTree = "<group>"; };
		5134352D238E877D007600EA /* HyRefreshViewManager.m */ = {isa = PBXFileReference; fileEncoding = 4; lastKnownFileType = sourcecode.c.objc; path = HyRefreshViewManager.m; sourceTree = "<group>"; };
		5134352E238E877D007600EA /* HyRefreshViewManager.h */ = {isa = PBXFileReference; fileEncoding = 4; lastKnownFileType = sourcecode.c.h; path = HyRefreshViewManager.h; sourceTree = "<group>"; };
		51343537238F99E2007600EA /* HyNetworkProtocol.h */ = {isa = PBXFileReference; lastKnownFileType = sourcecode.c.h; path = HyNetworkProtocol.h; sourceTree = "<group>"; };
		51343538238F99F8007600EA /* HyNetworkBaseTaskProtocol.h */ = {isa = PBXFileReference; lastKnownFileType = sourcecode.c.h; path = HyNetworkBaseTaskProtocol.h; sourceTree = "<group>"; };
		51343543238FAD48007600EA /* HyNetworkManager.h */ = {isa = PBXFileReference; lastKnownFileType = sourcecode.c.h; path = HyNetworkManager.h; sourceTree = "<group>"; };
		51343544238FAD48007600EA /* HyNetworkManager.m */ = {isa = PBXFileReference; lastKnownFileType = sourcecode.c.objc; path = HyNetworkManager.m; sourceTree = "<group>"; };
		51343547238FB6C7007600EA /* AFNetwork.h */ = {isa = PBXFileReference; lastKnownFileType = sourcecode.c.h; path = AFNetwork.h; sourceTree = "<group>"; };
		51343548238FB6C7007600EA /* AFNetwork.m */ = {isa = PBXFileReference; lastKnownFileType = sourcecode.c.objc; path = AFNetwork.m; sourceTree = "<group>"; };
		5134354A238FC0EE007600EA /* AFNetworkSingleTask.h */ = {isa = PBXFileReference; lastKnownFileType = sourcecode.c.h; path = AFNetworkSingleTask.h; sourceTree = "<group>"; };
		5134354B238FC0EE007600EA /* AFNetworkSingleTask.m */ = {isa = PBXFileReference; lastKnownFileType = sourcecode.c.objc; path = AFNetworkSingleTask.m; sourceTree = "<group>"; };
		513435502390B68D007600EA /* RACCommand+Network.h */ = {isa = PBXFileReference; fileEncoding = 4; lastKnownFileType = sourcecode.c.h; path = "RACCommand+Network.h"; sourceTree = "<group>"; };
		513435512390B68D007600EA /* RACCommand+Network.m */ = {isa = PBXFileReference; fileEncoding = 4; lastKnownFileType = sourcecode.c.objc; path = "RACCommand+Network.m"; sourceTree = "<group>"; };
		513435522390B68D007600EA /* RACSignal+Network.m */ = {isa = PBXFileReference; fileEncoding = 4; lastKnownFileType = sourcecode.c.objc; path = "RACSignal+Network.m"; sourceTree = "<group>"; };
		513435532390B68D007600EA /* RACSignal+Network.h */ = {isa = PBXFileReference; fileEncoding = 4; lastKnownFileType = sourcecode.c.h; path = "RACSignal+Network.h"; sourceTree = "<group>"; };
		513435562390BC83007600EA /* HyMultipartFormDataProtocol.h */ = {isa = PBXFileReference; lastKnownFileType = sourcecode.c.h; path = HyMultipartFormDataProtocol.h; sourceTree = "<group>"; };
		513435592390BD15007600EA /* AFMultipartFormDataObject.h */ = {isa = PBXFileReference; lastKnownFileType = sourcecode.c.h; path = AFMultipartFormDataObject.h; sourceTree = "<group>"; };
		5134355A2390BD15007600EA /* AFMultipartFormDataObject.m */ = {isa = PBXFileReference; lastKnownFileType = sourcecode.c.objc; path = AFMultipartFormDataObject.m; sourceTree = "<group>"; };
		513435632390C689007600EA /* YYNetworkCache.m */ = {isa = PBXFileReference; fileEncoding = 4; lastKnownFileType = sourcecode.c.objc; path = YYNetworkCache.m; sourceTree = "<group>"; };
		513435642390C689007600EA /* YYNetworkCache.h */ = {isa = PBXFileReference; fileEncoding = 4; lastKnownFileType = sourcecode.c.h; path = YYNetworkCache.h; sourceTree = "<group>"; };
		513435692390ED13007600EA /* HyNetworkCacheProtocol.h */ = {isa = PBXFileReference; lastKnownFileType = sourcecode.c.h; path = HyNetworkCacheProtocol.h; sourceTree = "<group>"; };
		5134357B2394F414007600EA /* HyHUDView.h */ = {isa = PBXFileReference; fileEncoding = 4; lastKnownFileType = sourcecode.c.h; path = HyHUDView.h; sourceTree = "<group>"; };
		5134357D2394F414007600EA /* HyHUD.m */ = {isa = PBXFileReference; fileEncoding = 4; lastKnownFileType = sourcecode.c.objc; path = HyHUD.m; sourceTree = "<group>"; };
		5134357E2394F414007600EA /* HyHUDView.m */ = {isa = PBXFileReference; fileEncoding = 4; lastKnownFileType = sourcecode.c.objc; path = HyHUDView.m; sourceTree = "<group>"; };
		513435802394F414007600EA /* HyHUD.h */ = {isa = PBXFileReference; fileEncoding = 4; lastKnownFileType = sourcecode.c.h; path = HyHUD.h; sourceTree = "<group>"; };
		5134358623966F55007600EA /* HyTipStatus.h */ = {isa = PBXFileReference; lastKnownFileType = sourcecode.c.h; path = HyTipStatus.h; sourceTree = "<group>"; };
		5134358723966F55007600EA /* HyTipStatus.m */ = {isa = PBXFileReference; lastKnownFileType = sourcecode.c.objc; path = HyTipStatus.m; sourceTree = "<group>"; };
		5134358923966F63007600EA /* HyTipStatusView.h */ = {isa = PBXFileReference; lastKnownFileType = sourcecode.c.h; path = HyTipStatusView.h; sourceTree = "<group>"; };
		5134358A23966F63007600EA /* HyTipStatusView.m */ = {isa = PBXFileReference; lastKnownFileType = sourcecode.c.objc; path = HyTipStatusView.m; sourceTree = "<group>"; };
		513435922397666A007600EA /* HyTipViewProtocol.h */ = {isa = PBXFileReference; fileEncoding = 4; lastKnownFileType = sourcecode.c.h; path = HyTipViewProtocol.h; sourceTree = "<group>"; };
		513435942397666A007600EA /* HyTipView.m */ = {isa = PBXFileReference; fileEncoding = 4; lastKnownFileType = sourcecode.c.objc; path = HyTipView.m; sourceTree = "<group>"; };
		513435962397666A007600EA /* HyTipView.h */ = {isa = PBXFileReference; fileEncoding = 4; lastKnownFileType = sourcecode.c.h; path = HyTipView.h; sourceTree = "<group>"; };
		513435982397666A007600EA /* HyTipProtocol.h */ = {isa = PBXFileReference; fileEncoding = 4; lastKnownFileType = sourcecode.c.h; path = HyTipProtocol.h; sourceTree = "<group>"; };
		5134359C239766A9007600EA /* HyTipViewAnimation.h */ = {isa = PBXFileReference; fileEncoding = 4; lastKnownFileType = sourcecode.c.h; path = HyTipViewAnimation.h; sourceTree = "<group>"; };
		5134359D239766A9007600EA /* HyTipViewAnimation.m */ = {isa = PBXFileReference; fileEncoding = 4; lastKnownFileType = sourcecode.c.objc; path = HyTipViewAnimation.m; sourceTree = "<group>"; };
		5134359E239766A9007600EA /* HyTipViewAnimationProtocol.h */ = {isa = PBXFileReference; fileEncoding = 4; lastKnownFileType = sourcecode.c.h; path = HyTipViewAnimationProtocol.h; sourceTree = "<group>"; };
		513435ED23978F5D007600EA /* HyTipViewAnimationDismissNone.h */ = {isa = PBXFileReference; lastKnownFileType = sourcecode.c.h; path = HyTipViewAnimationDismissNone.h; sourceTree = "<group>"; };
		513435EE23978F5D007600EA /* HyTipViewAnimationDismissNone.m */ = {isa = PBXFileReference; lastKnownFileType = sourcecode.c.objc; path = HyTipViewAnimationDismissNone.m; sourceTree = "<group>"; };
		513435F023978F68007600EA /* HyTipViewAnimationDismissFade.h */ = {isa = PBXFileReference; lastKnownFileType = sourcecode.c.h; path = HyTipViewAnimationDismissFade.h; sourceTree = "<group>"; };
		513435F123978F68007600EA /* HyTipViewAnimationDismissFade.m */ = {isa = PBXFileReference; lastKnownFileType = sourcecode.c.objc; path = HyTipViewAnimationDismissFade.m; sourceTree = "<group>"; };
		5134360B23979D49007600EA /* HyTipViewAnimationDismissScale.h */ = {isa = PBXFileReference; lastKnownFileType = sourcecode.c.h; path = HyTipViewAnimationDismissScale.h; sourceTree = "<group>"; };
		5134360C23979D49007600EA /* HyTipViewAnimationDismissScale.m */ = {isa = PBXFileReference; lastKnownFileType = sourcecode.c.objc; path = HyTipViewAnimationDismissScale.m; sourceTree = "<group>"; };
		5134360E23979F92007600EA /* HyTipViewAnimationDismissTranslation.h */ = {isa = PBXFileReference; lastKnownFileType = sourcecode.c.h; path = HyTipViewAnimationDismissTranslation.h; sourceTree = "<group>"; };
		5134360F23979F92007600EA /* HyTipViewAnimationDismissTranslation.m */ = {isa = PBXFileReference; lastKnownFileType = sourcecode.c.objc; path = HyTipViewAnimationDismissTranslation.m; sourceTree = "<group>"; };
		513436112397A1AB007600EA /* HyTipViewAnimationDismissStretch.h */ = {isa = PBXFileReference; lastKnownFileType = sourcecode.c.h; path = HyTipViewAnimationDismissStretch.h; sourceTree = "<group>"; };
		513436122397A1AB007600EA /* HyTipViewAnimationDismissStretch.m */ = {isa = PBXFileReference; lastKnownFileType = sourcecode.c.objc; path = HyTipViewAnimationDismissStretch.m; sourceTree = "<group>"; };
		513436152397A5E6007600EA /* HyTipViewPositionProtocol.h */ = {isa = PBXFileReference; lastKnownFileType = sourcecode.c.h; path = HyTipViewPositionProtocol.h; sourceTree = "<group>"; };
		513436162397A6FB007600EA /* HyTipViewPosition.h */ = {isa = PBXFileReference; lastKnownFileType = sourcecode.c.h; path = HyTipViewPosition.h; sourceTree = "<group>"; };
		513436172397A6FB007600EA /* HyTipViewPosition.m */ = {isa = PBXFileReference; lastKnownFileType = sourcecode.c.objc; path = HyTipViewPosition.m; sourceTree = "<group>"; };
		513436192397B35F007600EA /* HyTipViewAnimationShowNone.h */ = {isa = PBXFileReference; lastKnownFileType = sourcecode.c.h; path = HyTipViewAnimationShowNone.h; sourceTree = "<group>"; };
		5134361A2397B35F007600EA /* HyTipViewAnimationShowNone.m */ = {isa = PBXFileReference; lastKnownFileType = sourcecode.c.objc; path = HyTipViewAnimationShowNone.m; sourceTree = "<group>"; };
		5134361C2397B3F3007600EA /* HyTipViewAnimationShowFade.h */ = {isa = PBXFileReference; lastKnownFileType = sourcecode.c.h; path = HyTipViewAnimationShowFade.h; sourceTree = "<group>"; };
		5134361D2397B3F3007600EA /* HyTipViewAnimationShowFade.m */ = {isa = PBXFileReference; lastKnownFileType = sourcecode.c.objc; path = HyTipViewAnimationShowFade.m; sourceTree = "<group>"; };
		5134361F2397B3FE007600EA /* HyTipViewAnimationShowScale.h */ = {isa = PBXFileReference; lastKnownFileType = sourcecode.c.h; path = HyTipViewAnimationShowScale.h; sourceTree = "<group>"; };
		513436202397B3FE007600EA /* HyTipViewAnimationShowScale.m */ = {isa = PBXFileReference; lastKnownFileType = sourcecode.c.objc; path = HyTipViewAnimationShowScale.m; sourceTree = "<group>"; };
		513436222397B410007600EA /* HyTipViewAnimationShowTranslation.h */ = {isa = PBXFileReference; lastKnownFileType = sourcecode.c.h; path = HyTipViewAnimationShowTranslation.h; sourceTree = "<group>"; };
		513436232397B410007600EA /* HyTipViewAnimationShowTranslation.m */ = {isa = PBXFileReference; lastKnownFileType = sourcecode.c.objc; path = HyTipViewAnimationShowTranslation.m; sourceTree = "<group>"; };
		513436252397B41E007600EA /* HyTipViewAnimationShowStretch.h */ = {isa = PBXFileReference; lastKnownFileType = sourcecode.c.h; path = HyTipViewAnimationShowStretch.h; sourceTree = "<group>"; };
		513436262397B41E007600EA /* HyTipViewAnimationShowStretch.m */ = {isa = PBXFileReference; lastKnownFileType = sourcecode.c.objc; path = HyTipViewAnimationShowStretch.m; sourceTree = "<group>"; };
		51559EC423827A59007904C8 /* DemoCode.app */ = {isa = PBXFileReference; explicitFileType = wrapper.application; includeInIndex = 0; path = DemoCode.app; sourceTree = BUILT_PRODUCTS_DIR; };
		51559EC723827A59007904C8 /* AppDelegate.h */ = {isa = PBXFileReference; lastKnownFileType = sourcecode.c.h; path = AppDelegate.h; sourceTree = "<group>"; };
		51559EC823827A59007904C8 /* AppDelegate.m */ = {isa = PBXFileReference; lastKnownFileType = sourcecode.c.objc; path = AppDelegate.m; sourceTree = "<group>"; };
		51559ECA23827A59007904C8 /* SceneDelegate.h */ = {isa = PBXFileReference; lastKnownFileType = sourcecode.c.h; path = SceneDelegate.h; sourceTree = "<group>"; };
		51559ECB23827A59007904C8 /* SceneDelegate.m */ = {isa = PBXFileReference; lastKnownFileType = sourcecode.c.objc; path = SceneDelegate.m; sourceTree = "<group>"; };
		51559ECD23827A59007904C8 /* ViewController.h */ = {isa = PBXFileReference; lastKnownFileType = sourcecode.c.h; path = ViewController.h; sourceTree = "<group>"; };
		51559ECE23827A59007904C8 /* ViewController.m */ = {isa = PBXFileReference; lastKnownFileType = sourcecode.c.objc; path = ViewController.m; sourceTree = "<group>"; };
		51559ED123827A59007904C8 /* Base */ = {isa = PBXFileReference; lastKnownFileType = file.storyboard; name = Base; path = Base.lproj/Main.storyboard; sourceTree = "<group>"; };
		51559ED323827A59007904C8 /* Assets.xcassets */ = {isa = PBXFileReference; lastKnownFileType = folder.assetcatalog; path = Assets.xcassets; sourceTree = "<group>"; };
		51559ED623827A59007904C8 /* Base */ = {isa = PBXFileReference; lastKnownFileType = file.storyboard; name = Base; path = Base.lproj/LaunchScreen.storyboard; sourceTree = "<group>"; };
		51559ED823827A59007904C8 /* Info.plist */ = {isa = PBXFileReference; lastKnownFileType = text.plist.xml; path = Info.plist; sourceTree = "<group>"; };
		51559ED923827A59007904C8 /* main.m */ = {isa = PBXFileReference; lastKnownFileType = sourcecode.c.objc; path = main.m; sourceTree = "<group>"; };
		51559EDF23827A5A007904C8 /* DemoCodeTests.xctest */ = {isa = PBXFileReference; explicitFileType = wrapper.cfbundle; includeInIndex = 0; path = DemoCodeTests.xctest; sourceTree = BUILT_PRODUCTS_DIR; };
		51559EE323827A5A007904C8 /* DemoCodeTests.m */ = {isa = PBXFileReference; lastKnownFileType = sourcecode.c.objc; path = DemoCodeTests.m; sourceTree = "<group>"; };
		51559EE523827A5A007904C8 /* Info.plist */ = {isa = PBXFileReference; lastKnownFileType = text.plist.xml; path = Info.plist; sourceTree = "<group>"; };
		51559EEA23827A5A007904C8 /* DemoCodeUITests.xctest */ = {isa = PBXFileReference; explicitFileType = wrapper.cfbundle; includeInIndex = 0; path = DemoCodeUITests.xctest; sourceTree = BUILT_PRODUCTS_DIR; };
		51559EEE23827A5A007904C8 /* DemoCodeUITests.m */ = {isa = PBXFileReference; lastKnownFileType = sourcecode.c.objc; path = DemoCodeUITests.m; sourceTree = "<group>"; };
		51559EF023827A5A007904C8 /* Info.plist */ = {isa = PBXFileReference; lastKnownFileType = text.plist.xml; path = Info.plist; sourceTree = "<group>"; };
		51559F172382806C007904C8 /* RACSignal+HyExtension.h */ = {isa = PBXFileReference; lastKnownFileType = sourcecode.c.h; path = "RACSignal+HyExtension.h"; sourceTree = "<group>"; };
		51559F182382806C007904C8 /* RACSignal+HyExtension.m */ = {isa = PBXFileReference; lastKnownFileType = sourcecode.c.objc; path = "RACSignal+HyExtension.m"; sourceTree = "<group>"; };
		51559F1A2382807F007904C8 /* RACCommand+HyExtension.h */ = {isa = PBXFileReference; lastKnownFileType = sourcecode.c.h; path = "RACCommand+HyExtension.h"; sourceTree = "<group>"; };
		51559F1B2382807F007904C8 /* RACCommand+HyExtension.m */ = {isa = PBXFileReference; lastKnownFileType = sourcecode.c.objc; path = "RACCommand+HyExtension.m"; sourceTree = "<group>"; };
		51559F1D2382808E007904C8 /* RACSubject+HyExtension.h */ = {isa = PBXFileReference; lastKnownFileType = sourcecode.c.h; path = "RACSubject+HyExtension.h"; sourceTree = "<group>"; };
		51559F1E2382808E007904C8 /* RACSubject+HyExtension.m */ = {isa = PBXFileReference; lastKnownFileType = sourcecode.c.objc; path = "RACSubject+HyExtension.m"; sourceTree = "<group>"; };
		51559F5B23838ECD007904C8 /* HyMeViewController.h */ = {isa = PBXFileReference; lastKnownFileType = sourcecode.c.h; path = HyMeViewController.h; sourceTree = "<group>"; };
		51559F5C23838ECD007904C8 /* HyMeViewController.m */ = {isa = PBXFileReference; lastKnownFileType = sourcecode.c.objc; path = HyMeViewController.m; sourceTree = "<group>"; };
		51559F5E2383913F007904C8 /* HyMeViewModel.h */ = {isa = PBXFileReference; lastKnownFileType = sourcecode.c.h; path = HyMeViewModel.h; sourceTree = "<group>"; };
		51559F5F2383913F007904C8 /* HyMeViewModel.m */ = {isa = PBXFileReference; lastKnownFileType = sourcecode.c.objc; path = HyMeViewModel.m; sourceTree = "<group>"; };
		51559F6123839153007904C8 /* HyMeModel.h */ = {isa = PBXFileReference; lastKnownFileType = sourcecode.c.h; path = HyMeModel.h; sourceTree = "<group>"; };
		51559F6223839153007904C8 /* HyMeModel.m */ = {isa = PBXFileReference; lastKnownFileType = sourcecode.c.objc; path = HyMeModel.m; sourceTree = "<group>"; };
		51559F6423839161007904C8 /* HyMeView.h */ = {isa = PBXFileReference; lastKnownFileType = sourcecode.c.h; path = HyMeView.h; sourceTree = "<group>"; };
		51559F6523839161007904C8 /* HyMeView.m */ = {isa = PBXFileReference; lastKnownFileType = sourcecode.c.objc; path = HyMeView.m; sourceTree = "<group>"; };
		51559F792383C520007904C8 /* HyMVVM.h */ = {isa = PBXFileReference; lastKnownFileType = sourcecode.c.h; path = HyMVVM.h; sourceTree = "<group>"; };
		51559F7A2383F9E0007904C8 /* HyTextFieldView.h */ = {isa = PBXFileReference; lastKnownFileType = sourcecode.c.h; path = HyTextFieldView.h; sourceTree = "<group>"; };
		51559F7B2383F9E0007904C8 /* HyTextFieldView.m */ = {isa = PBXFileReference; lastKnownFileType = sourcecode.c.objc; path = HyTextFieldView.m; sourceTree = "<group>"; };
		51784F1E2387FE0C00EB2F14 /* HyRecommendViewController.h */ = {isa = PBXFileReference; lastKnownFileType = sourcecode.c.h; path = HyRecommendViewController.h; sourceTree = "<group>"; };
		51784F1F2387FE0C00EB2F14 /* HyRecommendViewController.m */ = {isa = PBXFileReference; lastKnownFileType = sourcecode.c.objc; path = HyRecommendViewController.m; sourceTree = "<group>"; };
		51784F212387FE1E00EB2F14 /* HyRecommendViewModel.h */ = {isa = PBXFileReference; lastKnownFileType = sourcecode.c.h; path = HyRecommendViewModel.h; sourceTree = "<group>"; };
		51784F222387FE1E00EB2F14 /* HyRecommendViewModel.m */ = {isa = PBXFileReference; lastKnownFileType = sourcecode.c.objc; path = HyRecommendViewModel.m; sourceTree = "<group>"; };
		51784F242387FE3400EB2F14 /* HyRecommendCell.h */ = {isa = PBXFileReference; lastKnownFileType = sourcecode.c.h; path = HyRecommendCell.h; sourceTree = "<group>"; };
		51784F252387FE3400EB2F14 /* HyRecommendCell.m */ = {isa = PBXFileReference; lastKnownFileType = sourcecode.c.objc; path = HyRecommendCell.m; sourceTree = "<group>"; };
		51784F27238CCB9000EB2F14 /* HyTabBarController.h */ = {isa = PBXFileReference; lastKnownFileType = sourcecode.c.h; path = HyTabBarController.h; sourceTree = "<group>"; };
		51784F28238CCB9000EB2F14 /* HyTabBarController.m */ = {isa = PBXFileReference; lastKnownFileType = sourcecode.c.objc; path = HyTabBarController.m; sourceTree = "<group>"; };
		51784F47238CF47500EB2F14 /* HyViewController.h */ = {isa = PBXFileReference; fileEncoding = 4; lastKnownFileType = sourcecode.c.h; path = HyViewController.h; sourceTree = "<group>"; };
		51784F48238CF47500EB2F14 /* HyTableView.m */ = {isa = PBXFileReference; fileEncoding = 4; lastKnownFileType = sourcecode.c.objc; path = HyTableView.m; sourceTree = "<group>"; };
		51784F49238CF47500EB2F14 /* HyModel.m */ = {isa = PBXFileReference; fileEncoding = 4; lastKnownFileType = sourcecode.c.objc; path = HyModel.m; sourceTree = "<group>"; };
		51784F4A238CF47500EB2F14 /* HyListViewModel.m */ = {isa = PBXFileReference; fileEncoding = 4; lastKnownFileType = sourcecode.c.objc; path = HyListViewModel.m; sourceTree = "<group>"; };
		51784F4B238CF47500EB2F14 /* HyView.m */ = {isa = PBXFileReference; fileEncoding = 4; lastKnownFileType = sourcecode.c.objc; path = HyView.m; sourceTree = "<group>"; };
		51784F4C238CF47500EB2F14 /* HyListModel.m */ = {isa = PBXFileReference; fileEncoding = 4; lastKnownFileType = sourcecode.c.objc; path = HyListModel.m; sourceTree = "<group>"; };
		51784F4D238CF47500EB2F14 /* HyViewModel.m */ = {isa = PBXFileReference; fileEncoding = 4; lastKnownFileType = sourcecode.c.objc; path = HyViewModel.m; sourceTree = "<group>"; };
		51784F4F238CF47500EB2F14 /* HyCollectionView.m */ = {isa = PBXFileReference; fileEncoding = 4; lastKnownFileType = sourcecode.c.objc; path = HyCollectionView.m; sourceTree = "<group>"; };
		51784F50238CF47500EB2F14 /* HyListViewModel.h */ = {isa = PBXFileReference; fileEncoding = 4; lastKnownFileType = sourcecode.c.h; path = HyListViewModel.h; sourceTree = "<group>"; };
		51784F51238CF47500EB2F14 /* HyModel.h */ = {isa = PBXFileReference; fileEncoding = 4; lastKnownFileType = sourcecode.c.h; path = HyModel.h; sourceTree = "<group>"; };
		51784F52238CF47500EB2F14 /* HyTableView.h */ = {isa = PBXFileReference; fileEncoding = 4; lastKnownFileType = sourcecode.c.h; path = HyTableView.h; sourceTree = "<group>"; };
		51784F53238CF47500EB2F14 /* HyViewController.m */ = {isa = PBXFileReference; fileEncoding = 4; lastKnownFileType = sourcecode.c.objc; path = HyViewController.m; sourceTree = "<group>"; };
		51784F54238CF47500EB2F14 /* HyListModel.h */ = {isa = PBXFileReference; fileEncoding = 4; lastKnownFileType = sourcecode.c.h; path = HyListModel.h; sourceTree = "<group>"; };
		51784F55238CF47500EB2F14 /* HyView.h */ = {isa = PBXFileReference; fileEncoding = 4; lastKnownFileType = sourcecode.c.h; path = HyView.h; sourceTree = "<group>"; };
		51784F56238CF47500EB2F14 /* HyCollectionView.h */ = {isa = PBXFileReference; fileEncoding = 4; lastKnownFileType = sourcecode.c.h; path = HyCollectionView.h; sourceTree = "<group>"; };
		51784F58238CF47500EB2F14 /* HyViewModel.h */ = {isa = PBXFileReference; fileEncoding = 4; lastKnownFileType = sourcecode.c.h; path = HyViewModel.h; sourceTree = "<group>"; };
		51784F62238CF81A00EB2F14 /* HyListViewProtocol.h */ = {isa = PBXFileReference; fileEncoding = 4; lastKnownFileType = sourcecode.c.h; path = HyListViewProtocol.h; sourceTree = "<group>"; };
		51784F63238CF81A00EB2F14 /* HyViewModelProtocol.h */ = {isa = PBXFileReference; fileEncoding = 4; lastKnownFileType = sourcecode.c.h; path = HyViewModelProtocol.h; sourceTree = "<group>"; };
		51784F64238CF81A00EB2F14 /* HyViewControllerProtocol.h */ = {isa = PBXFileReference; fileEncoding = 4; lastKnownFileType = sourcecode.c.h; path = HyViewControllerProtocol.h; sourceTree = "<group>"; };
		51784F65238CF81A00EB2F14 /* HyViewProtocol.h */ = {isa = PBXFileReference; fileEncoding = 4; lastKnownFileType = sourcecode.c.h; path = HyViewProtocol.h; sourceTree = "<group>"; };
		51784F66238CF81A00EB2F14 /* HyListModelProtocol.h */ = {isa = PBXFileReference; fileEncoding = 4; lastKnownFileType = sourcecode.c.h; path = HyListModelProtocol.h; sourceTree = "<group>"; };
		51784F67238CF81A00EB2F14 /* HyViewControllerJumpProtocol.h */ = {isa = PBXFileReference; fileEncoding = 4; lastKnownFileType = sourcecode.c.h; path = HyViewControllerJumpProtocol.h; sourceTree = "<group>"; };
		51784F68238CF81A00EB2F14 /* HyListViewModelProtocol.h */ = {isa = PBXFileReference; fileEncoding = 4; lastKnownFileType = sourcecode.c.h; path = HyListViewModelProtocol.h; sourceTree = "<group>"; };
		51784F69238CF81B00EB2F14 /* HyModelProtocol.h */ = {isa = PBXFileReference; fileEncoding = 4; lastKnownFileType = sourcecode.c.h; path = HyModelProtocol.h; sourceTree = "<group>"; };
		51A2478F2399155B002497BB /* HyTip.h */ = {isa = PBXFileReference; lastKnownFileType = sourcecode.c.h; path = HyTip.h; sourceTree = "<group>"; };
		51A247902399155B002497BB /* HyTip.m */ = {isa = PBXFileReference; lastKnownFileType = sourcecode.c.objc; path = HyTip.m; sourceTree = "<group>"; };
		51A247942399FBB4002497BB /* HyTipText.h */ = {isa = PBXFileReference; lastKnownFileType = sourcecode.c.h; path = HyTipText.h; sourceTree = "<group>"; };
		51A247952399FBB4002497BB /* HyTipText.m */ = {isa = PBXFileReference; lastKnownFileType = sourcecode.c.objc; path = HyTipText.m; sourceTree = "<group>"; };
		51A247972399FBC8002497BB /* HyTipTextView.h */ = {isa = PBXFileReference; lastKnownFileType = sourcecode.c.h; path = HyTipTextView.h; sourceTree = "<group>"; };
		51A247982399FBC8002497BB /* HyTipTextView.m */ = {isa = PBXFileReference; lastKnownFileType = sourcecode.c.objc; path = HyTipTextView.m; sourceTree = "<group>"; };
		51A247B2239A44CB002497BB /* HyTipTopTool.h */ = {isa = PBXFileReference; lastKnownFileType = sourcecode.c.h; path = HyTipTopTool.h; sourceTree = "<group>"; };
		51A247B3239A44CB002497BB /* HyTipTopTool.m */ = {isa = PBXFileReference; lastKnownFileType = sourcecode.c.objc; path = HyTipTopTool.m; sourceTree = "<group>"; };
		51A247B5239A4A3B002497BB /* HyTipCenterTool.h */ = {isa = PBXFileReference; lastKnownFileType = sourcecode.c.h; path = HyTipCenterTool.h; sourceTree = "<group>"; };
		51A247B6239A4A3B002497BB /* HyTipCenterTool.m */ = {isa = PBXFileReference; lastKnownFileType = sourcecode.c.objc; path = HyTipCenterTool.m; sourceTree = "<group>"; };
		51A247B8239A4AF4002497BB /* HyTipBottomTool.h */ = {isa = PBXFileReference; lastKnownFileType = sourcecode.c.h; path = HyTipBottomTool.h; sourceTree = "<group>"; };
		51A247B9239A4AF4002497BB /* HyTipBottomTool.m */ = {isa = PBXFileReference; lastKnownFileType = sourcecode.c.objc; path = HyTipBottomTool.m; sourceTree = "<group>"; };
		51A24838239F5345002497BB /* HyRefreshAnimationView.h */ = {isa = PBXFileReference; lastKnownFileType = sourcecode.c.h; path = HyRefreshAnimationView.h; sourceTree = "<group>"; };
		51A24839239F5345002497BB /* HyRefreshAnimationView.m */ = {isa = PBXFileReference; lastKnownFileType = sourcecode.c.objc; path = HyRefreshAnimationView.m; sourceTree = "<group>"; };
		51CF98EC2387C5CD00207DB3 /* HyNewsViewController.h */ = {isa = PBXFileReference; lastKnownFileType = sourcecode.c.h; path = HyNewsViewController.h; sourceTree = "<group>"; };
		51CF98ED2387C5CD00207DB3 /* HyNewsViewController.m */ = {isa = PBXFileReference; lastKnownFileType = sourcecode.c.objc; path = HyNewsViewController.m; sourceTree = "<group>"; };
		51CF98EF2387C5EA00207DB3 /* HyNewsViewModel.h */ = {isa = PBXFileReference; lastKnownFileType = sourcecode.c.h; path = HyNewsViewModel.h; sourceTree = "<group>"; };
		51CF98F02387C5EA00207DB3 /* HyNewsViewModel.m */ = {isa = PBXFileReference; lastKnownFileType = sourcecode.c.objc; path = HyNewsViewModel.m; sourceTree = "<group>"; };
		51CF98F22387C63300207DB3 /* HyNewsModel.h */ = {isa = PBXFileReference; lastKnownFileType = sourcecode.c.h; path = HyNewsModel.h; sourceTree = "<group>"; };
		51CF98F32387C63300207DB3 /* HyNewsModel.m */ = {isa = PBXFileReference; lastKnownFileType = sourcecode.c.objc; path = HyNewsModel.m; sourceTree = "<group>"; };
		51CF98F52387C76C00207DB3 /* HyNewsImageCell.h */ = {isa = PBXFileReference; lastKnownFileType = sourcecode.c.h; path = HyNewsImageCell.h; sourceTree = "<group>"; };
		51CF98F62387C76C00207DB3 /* HyNewsImageCell.m */ = {isa = PBXFileReference; lastKnownFileType = sourcecode.c.objc; path = HyNewsImageCell.m; sourceTree = "<group>"; };
		51CF98F82387C77C00207DB3 /* HyNewsCell.h */ = {isa = PBXFileReference; lastKnownFileType = sourcecode.c.h; path = HyNewsCell.h; sourceTree = "<group>"; };
		51CF98F92387C77C00207DB3 /* HyNewsCell.m */ = {isa = PBXFileReference; lastKnownFileType = sourcecode.c.objc; path = HyNewsCell.m; sourceTree = "<group>"; };
		940EB0552BB229DC24EA24A2 /* Pods-DemoCode.release.xcconfig */ = {isa = PBXFileReference; includeInIndex = 1; lastKnownFileType = text.xcconfig; name = "Pods-DemoCode.release.xcconfig"; path = "Target Support Files/Pods-DemoCode/Pods-DemoCode.release.xcconfig"; sourceTree = "<group>"; };
/* End PBXFileReference section */

/* Begin PBXFrameworksBuildPhase section */
		51559EC123827A59007904C8 /* Frameworks */ = {
			isa = PBXFrameworksBuildPhase;
			buildActionMask = 2147483647;
			files = (
				7C9D82519AEA4A94F910CAEE /* Pods_DemoCode.framework in Frameworks */,
			);
			runOnlyForDeploymentPostprocessing = 0;
		};
		51559EDC23827A5A007904C8 /* Frameworks */ = {
			isa = PBXFrameworksBuildPhase;
			buildActionMask = 2147483647;
			files = (
			);
			runOnlyForDeploymentPostprocessing = 0;
		};
		51559EE723827A5A007904C8 /* Frameworks */ = {
			isa = PBXFrameworksBuildPhase;
			buildActionMask = 2147483647;
			files = (
			);
			runOnlyForDeploymentPostprocessing = 0;
		};
/* End PBXFrameworksBuildPhase section */

/* Begin PBXGroup section */
		510BB22F23A72B7100A97F0A /* Base */ = {
			isa = PBXGroup;
			children = (
				510BB23023A72B7100A97F0A /* HyNetwork.h */,
				510BB23623A72B7100A97F0A /* HyNetwork.m */,
				510BB23823A72B7100A97F0A /* HyNetworkBaseTaskInfo.h */,
				510BB23423A72B7100A97F0A /* HyNetworkBaseTaskInfo.m */,
				510BB24223A734D700A97F0A /* HyNetworkSignleTaskInfo.h */,
				510BB24323A734D700A97F0A /* HyNetworkSignleTaskInfo.m */,
				510BB24523A734E400A97F0A /* HyNetworkMutipleTasksInfo.h */,
				510BB24623A734E400A97F0A /* HyNetworkMutipleTasksInfo.m */,
				510BB23323A72B7100A97F0A /* HyNetworkSuccessObject.h */,
				510BB23923A72B7100A97F0A /* HyNetworkSuccessObject.m */,
				510BB23723A72B7100A97F0A /* HyNetworkFailureObject.h */,
				510BB23223A72B7100A97F0A /* HyNetworkFailureObject.m */,
				510BB23523A72B7100A97F0A /* HyNetworkCompletionObject.h */,
				510BB23123A72B7100A97F0A /* HyNetworkCompletionObject.m */,
			);
			path = Base;
			sourceTree = "<group>";
		};
		5134351C238E877D007600EA /* RefreshView */ = {
			isa = PBXGroup;
			children = (
				5134352E238E877D007600EA /* HyRefreshViewManager.h */,
				5134352D238E877D007600EA /* HyRefreshViewManager.m */,
				5134352C238E877D007600EA /* HyRefreshViewFactoryProtocol.h */,
				51343524238E877D007600EA /* HyRefreshViewProtocol.h */,
				51343525238E877D007600EA /* MJRefresh */,
				5134351D238E877D007600EA /* KafkaRefresh */,
			);
			path = RefreshView;
			sourceTree = "<group>";
		};
		5134351D238E877D007600EA /* KafkaRefresh */ = {
			isa = PBXGroup;
			children = (
				51343520238E877D007600EA /* KafkaRefreshFactory.h */,
				51343521238E877D007600EA /* KafkaRefreshFactory.m */,
				51343522238E877D007600EA /* KafkaRefreshHeader.h */,
				5134351F238E877D007600EA /* KafkaRefreshHeader.m */,
				51343523238E877D007600EA /* KafkaRefreshFooter.h */,
				5134351E238E877D007600EA /* KafkaRefreshFooter.m */,
			);
			path = KafkaRefresh;
			sourceTree = "<group>";
		};
		51343525238E877D007600EA /* MJRefresh */ = {
			isa = PBXGroup;
			children = (
				51343528238E877D007600EA /* MJRefreshViewFactory.h */,
				5134352B238E877D007600EA /* MJRefreshViewFactory.m */,
				51343527238E877D007600EA /* MJRefreshViewHeader.h */,
				51343529238E877D007600EA /* MJRefreshViewHeader.m */,
				51343526238E877D007600EA /* MJRefreshViewFooter.h */,
				5134352A238E877D007600EA /* MJRefreshViewFooter.m */,
				51A24838239F5345002497BB /* HyRefreshAnimationView.h */,
				51A24839239F5345002497BB /* HyRefreshAnimationView.m */,
			);
			path = MJRefresh;
			sourceTree = "<group>";
		};
		51343546238FB697007600EA /* AFNetworking */ = {
			isa = PBXGroup;
			children = (
				51343547238FB6C7007600EA /* AFNetwork.h */,
				51343548238FB6C7007600EA /* AFNetwork.m */,
				5134354A238FC0EE007600EA /* AFNetworkSingleTask.h */,
				5134354B238FC0EE007600EA /* AFNetworkSingleTask.m */,
				510BB24F23A75BAF00A97F0A /* HyNetworkMutipleTasks.h */,
				510BB25023A75BAF00A97F0A /* HyNetworkMutipleTasks.m */,
				513435592390BD15007600EA /* AFMultipartFormDataObject.h */,
				5134355A2390BD15007600EA /* AFMultipartFormDataObject.m */,
			);
			path = AFNetworking;
			sourceTree = "<group>";
		};
		513435622390C66D007600EA /* YYCache */ = {
			isa = PBXGroup;
			children = (
				513435642390C689007600EA /* YYNetworkCache.h */,
				513435632390C689007600EA /* YYNetworkCache.m */,
			);
			path = YYCache;
			sourceTree = "<group>";
		};
		5134356B2394ECBF007600EA /* TipView */ = {
			isa = PBXGroup;
			children = (
				513435912397666A007600EA /* Base */,
				5134357A2394F414007600EA /* HUD */,
				51A247932399FBAA002497BB /* TipText */,
				5134358523966F3F007600EA /* TipStatus */,
			);
			path = TipView;
			sourceTree = "<group>";
		};
		5134357A2394F414007600EA /* HUD */ = {
			isa = PBXGroup;
			children = (
				513435802394F414007600EA /* HyHUD.h */,
				5134357D2394F414007600EA /* HyHUD.m */,
				5134357B2394F414007600EA /* HyHUDView.h */,
				5134357E2394F414007600EA /* HyHUDView.m */,
			);
			path = HUD;
			sourceTree = "<group>";
		};
		5134358523966F3F007600EA /* TipStatus */ = {
			isa = PBXGroup;
			children = (
				5134358623966F55007600EA /* HyTipStatus.h */,
				5134358723966F55007600EA /* HyTipStatus.m */,
				5134358923966F63007600EA /* HyTipStatusView.h */,
				5134358A23966F63007600EA /* HyTipStatusView.m */,
			);
			path = TipStatus;
			sourceTree = "<group>";
		};
		513435912397666A007600EA /* Base */ = {
			isa = PBXGroup;
			children = (
				51A2478F2399155B002497BB /* HyTip.h */,
				51A247902399155B002497BB /* HyTip.m */,
				513435962397666A007600EA /* HyTipView.h */,
				513435942397666A007600EA /* HyTipView.m */,
				513435982397666A007600EA /* HyTipProtocol.h */,
				513435922397666A007600EA /* HyTipViewProtocol.h */,
				51A247A3239A4330002497BB /* TipTools */,
				513436142397A5BF007600EA /* Position */,
				5134359B239766A9007600EA /* Animation */,
			);
			path = Base;
			sourceTree = "<group>";
		};
		5134359B239766A9007600EA /* Animation */ = {
			isa = PBXGroup;
			children = (
				5134359C239766A9007600EA /* HyTipViewAnimation.h */,
				5134359D239766A9007600EA /* HyTipViewAnimation.m */,
				5134359E239766A9007600EA /* HyTipViewAnimationProtocol.h */,
				513435C723978E92007600EA /* ShowAnimation */,
				513435EC23978E98007600EA /* DismissAnimation */,
			);
			path = Animation;
			sourceTree = "<group>";
		};
		513435C723978E92007600EA /* ShowAnimation */ = {
			isa = PBXGroup;
			children = (
				513436192397B35F007600EA /* HyTipViewAnimationShowNone.h */,
				5134361A2397B35F007600EA /* HyTipViewAnimationShowNone.m */,
				5134361C2397B3F3007600EA /* HyTipViewAnimationShowFade.h */,
				5134361D2397B3F3007600EA /* HyTipViewAnimationShowFade.m */,
				5134361F2397B3FE007600EA /* HyTipViewAnimationShowScale.h */,
				513436202397B3FE007600EA /* HyTipViewAnimationShowScale.m */,
				513436222397B410007600EA /* HyTipViewAnimationShowTranslation.h */,
				513436232397B410007600EA /* HyTipViewAnimationShowTranslation.m */,
				513436252397B41E007600EA /* HyTipViewAnimationShowStretch.h */,
				513436262397B41E007600EA /* HyTipViewAnimationShowStretch.m */,
			);
			path = ShowAnimation;
			sourceTree = "<group>";
		};
		513435EC23978E98007600EA /* DismissAnimation */ = {
			isa = PBXGroup;
			children = (
				513435ED23978F5D007600EA /* HyTipViewAnimationDismissNone.h */,
				513435EE23978F5D007600EA /* HyTipViewAnimationDismissNone.m */,
				513435F023978F68007600EA /* HyTipViewAnimationDismissFade.h */,
				513435F123978F68007600EA /* HyTipViewAnimationDismissFade.m */,
				5134360B23979D49007600EA /* HyTipViewAnimationDismissScale.h */,
				5134360C23979D49007600EA /* HyTipViewAnimationDismissScale.m */,
				5134360E23979F92007600EA /* HyTipViewAnimationDismissTranslation.h */,
				5134360F23979F92007600EA /* HyTipViewAnimationDismissTranslation.m */,
				513436112397A1AB007600EA /* HyTipViewAnimationDismissStretch.h */,
				513436122397A1AB007600EA /* HyTipViewAnimationDismissStretch.m */,
			);
			path = DismissAnimation;
			sourceTree = "<group>";
		};
		513436142397A5BF007600EA /* Position */ = {
			isa = PBXGroup;
			children = (
				513436162397A6FB007600EA /* HyTipViewPosition.h */,
				513436172397A6FB007600EA /* HyTipViewPosition.m */,
				513436152397A5E6007600EA /* HyTipViewPositionProtocol.h */,
			);
			path = Position;
			sourceTree = "<group>";
		};
		51559EBB23827A59007904C8 = {
			isa = PBXGroup;
			children = (
				51559EC623827A59007904C8 /* DemoCode */,
				51559EE223827A5A007904C8 /* DemoCodeTests */,
				51559EED23827A5A007904C8 /* DemoCodeUITests */,
				51559EC523827A59007904C8 /* Products */,
				BD1DF956C0DB9EE5688DE864 /* Pods */,
				C9DAF13C1B32ECB90B69B75B /* Frameworks */,
			);
			sourceTree = "<group>";
		};
		51559EC523827A59007904C8 /* Products */ = {
			isa = PBXGroup;
			children = (
				51559EC423827A59007904C8 /* DemoCode.app */,
				51559EDF23827A5A007904C8 /* DemoCodeTests.xctest */,
				51559EEA23827A5A007904C8 /* DemoCodeUITests.xctest */,
			);
			name = Products;
			sourceTree = "<group>";
		};
		51559EC623827A59007904C8 /* DemoCode */ = {
			isa = PBXGroup;
			children = (
				51559F5923838E82007904C8 /* Demo */,
				51559F2B23828B2C007904C8 /* MVVM */,
				5134356B2394ECBF007600EA /* TipView */,
				51CF98CF23867DC100207DB3 /* Network */,
				5134351C238E877D007600EA /* RefreshView */,
				51559F0823827E8F007904C8 /* Category_RAC */,
				51559EC723827A59007904C8 /* AppDelegate.h */,
				51559EC823827A59007904C8 /* AppDelegate.m */,
				51559ECA23827A59007904C8 /* SceneDelegate.h */,
				51559ECB23827A59007904C8 /* SceneDelegate.m */,
				51559ECD23827A59007904C8 /* ViewController.h */,
				51559ECE23827A59007904C8 /* ViewController.m */,
				51559ED023827A59007904C8 /* Main.storyboard */,
				51559ED323827A59007904C8 /* Assets.xcassets */,
				51559ED523827A59007904C8 /* LaunchScreen.storyboard */,
				51559ED823827A59007904C8 /* Info.plist */,
				51559ED923827A59007904C8 /* main.m */,
			);
			path = DemoCode;
			sourceTree = "<group>";
		};
		51559EE223827A5A007904C8 /* DemoCodeTests */ = {
			isa = PBXGroup;
			children = (
				51559EE323827A5A007904C8 /* DemoCodeTests.m */,
				51559EE523827A5A007904C8 /* Info.plist */,
			);
			path = DemoCodeTests;
			sourceTree = "<group>";
		};
		51559EED23827A5A007904C8 /* DemoCodeUITests */ = {
			isa = PBXGroup;
			children = (
				51559EEE23827A5A007904C8 /* DemoCodeUITests.m */,
				51559EF023827A5A007904C8 /* Info.plist */,
			);
			path = DemoCodeUITests;
			sourceTree = "<group>";
		};
		51559F0823827E8F007904C8 /* Category_RAC */ = {
			isa = PBXGroup;
			children = (
				513435502390B68D007600EA /* RACCommand+Network.h */,
				513435512390B68D007600EA /* RACCommand+Network.m */,
				513435532390B68D007600EA /* RACSignal+Network.h */,
				513435522390B68D007600EA /* RACSignal+Network.m */,
				51559F172382806C007904C8 /* RACSignal+HyExtension.h */,
				51559F182382806C007904C8 /* RACSignal+HyExtension.m */,
				51559F1A2382807F007904C8 /* RACCommand+HyExtension.h */,
				51559F1B2382807F007904C8 /* RACCommand+HyExtension.m */,
				51559F1D2382808E007904C8 /* RACSubject+HyExtension.h */,
				51559F1E2382808E007904C8 /* RACSubject+HyExtension.m */,
				5120D98223851193002B3A1C /* RACSignal+HyViewControllerJump.h */,
				5120D98323851193002B3A1C /* RACSignal+HyViewControllerJump.m */,
				5120D985238511A4002B3A1C /* RACCommand+HyViewControllerJump.h */,
				5120D986238511A4002B3A1C /* RACCommand+HyViewControllerJump.m */,
				51343501238E1B64007600EA /* UITableView+HySignalExtension.h */,
				51343502238E1B64007600EA /* UITableView+HySignalExtension.m */,
				51343504238E20A7007600EA /* UICollectionView+HySignalExtension.h */,
				51343505238E20A7007600EA /* UICollectionView+HySignalExtension.m */,
			);
			path = Category_RAC;
			sourceTree = "<group>";
		};
		51559F2B23828B2C007904C8 /* MVVM */ = {
			isa = PBXGroup;
			children = (
				51559F792383C520007904C8 /* HyMVVM.h */,
				51784F65238CF81A00EB2F14 /* HyViewProtocol.h */,
				51784F69238CF81B00EB2F14 /* HyModelProtocol.h */,
				51784F63238CF81A00EB2F14 /* HyViewModelProtocol.h */,
				51784F64238CF81A00EB2F14 /* HyViewControllerProtocol.h */,
				51784F62238CF81A00EB2F14 /* HyListViewProtocol.h */,
				51784F66238CF81A00EB2F14 /* HyListModelProtocol.h */,
				51784F68238CF81A00EB2F14 /* HyListViewModelProtocol.h */,
				51784F67238CF81A00EB2F14 /* HyViewControllerJumpProtocol.h */,
				510BB17023A1EFA800A97F0A /* NSObject+HyProtocol.h */,
				510BB16F23A1EFA800A97F0A /* NSObject+HyProtocol.m */,
				51784F46238CF47500EB2F14 /* Base */,
			);
			path = MVVM;
			sourceTree = "<group>";
		};
		51559F5923838E82007904C8 /* Demo */ = {
			isa = PBXGroup;
			children = (
				51784F1D2387FDF900EB2F14 /* Recommend */,
				51CF98EB2387C5BC00207DB3 /* News */,
				51559F5A23838EAC007904C8 /* Me */,
				51784F27238CCB9000EB2F14 /* HyTabBarController.h */,
				51784F28238CCB9000EB2F14 /* HyTabBarController.m */,
			);
			path = Demo;
			sourceTree = "<group>";
		};
		51559F5A23838EAC007904C8 /* Me */ = {
			isa = PBXGroup;
			children = (
				51559F5B23838ECD007904C8 /* HyMeViewController.h */,
				51559F5C23838ECD007904C8 /* HyMeViewController.m */,
				51559F5E2383913F007904C8 /* HyMeViewModel.h */,
				51559F5F2383913F007904C8 /* HyMeViewModel.m */,
				51559F6123839153007904C8 /* HyMeModel.h */,
				51559F6223839153007904C8 /* HyMeModel.m */,
				51559F6423839161007904C8 /* HyMeView.h */,
				51559F6523839161007904C8 /* HyMeView.m */,
				51559F7A2383F9E0007904C8 /* HyTextFieldView.h */,
				51559F7B2383F9E0007904C8 /* HyTextFieldView.m */,
			);
			path = Me;
			sourceTree = "<group>";
		};
		51784F1D2387FDF900EB2F14 /* Recommend */ = {
			isa = PBXGroup;
			children = (
				51784F1E2387FE0C00EB2F14 /* HyRecommendViewController.h */,
				51784F1F2387FE0C00EB2F14 /* HyRecommendViewController.m */,
				51784F212387FE1E00EB2F14 /* HyRecommendViewModel.h */,
				51784F222387FE1E00EB2F14 /* HyRecommendViewModel.m */,
				51784F242387FE3400EB2F14 /* HyRecommendCell.h */,
				51784F252387FE3400EB2F14 /* HyRecommendCell.m */,
			);
			path = Recommend;
			sourceTree = "<group>";
		};
		51784F46238CF47500EB2F14 /* Base */ = {
			isa = PBXGroup;
			children = (
				51784F55238CF47500EB2F14 /* HyView.h */,
				51784F4B238CF47500EB2F14 /* HyView.m */,
				51784F51238CF47500EB2F14 /* HyModel.h */,
				51784F49238CF47500EB2F14 /* HyModel.m */,
				51784F58238CF47500EB2F14 /* HyViewModel.h */,
				51784F4D238CF47500EB2F14 /* HyViewModel.m */,
				51784F47238CF47500EB2F14 /* HyViewController.h */,
				51784F53238CF47500EB2F14 /* HyViewController.m */,
				51784F54238CF47500EB2F14 /* HyListModel.h */,
				51784F4C238CF47500EB2F14 /* HyListModel.m */,
				51784F50238CF47500EB2F14 /* HyListViewModel.h */,
				51784F4A238CF47500EB2F14 /* HyListViewModel.m */,
				51784F52238CF47500EB2F14 /* HyTableView.h */,
				51784F48238CF47500EB2F14 /* HyTableView.m */,
				51784F56238CF47500EB2F14 /* HyCollectionView.h */,
				51784F4F238CF47500EB2F14 /* HyCollectionView.m */,
			);
			path = Base;
			sourceTree = "<group>";
		};
		51A247932399FBAA002497BB /* TipText */ = {
			isa = PBXGroup;
			children = (
				51A247942399FBB4002497BB /* HyTipText.h */,
				51A247952399FBB4002497BB /* HyTipText.m */,
				51A247972399FBC8002497BB /* HyTipTextView.h */,
				51A247982399FBC8002497BB /* HyTipTextView.m */,
			);
			path = TipText;
			sourceTree = "<group>";
		};
		51A247A3239A4330002497BB /* TipTools */ = {
			isa = PBXGroup;
			children = (
				51A247B2239A44CB002497BB /* HyTipTopTool.h */,
				51A247B3239A44CB002497BB /* HyTipTopTool.m */,
				51A247B5239A4A3B002497BB /* HyTipCenterTool.h */,
				51A247B6239A4A3B002497BB /* HyTipCenterTool.m */,
				51A247B8239A4AF4002497BB /* HyTipBottomTool.h */,
				51A247B9239A4AF4002497BB /* HyTipBottomTool.m */,
			);
			path = TipTools;
			sourceTree = "<group>";
		};
		51CF98CF23867DC100207DB3 /* Network */ = {
			isa = PBXGroup;
			children = (
				51343543238FAD48007600EA /* HyNetworkManager.h */,
				51343544238FAD48007600EA /* HyNetworkManager.m */,
				51343537238F99E2007600EA /* HyNetworkProtocol.h */,
				51343538238F99F8007600EA /* HyNetworkBaseTaskProtocol.h */,
				510BB24823A7392100A97F0A /* HyNetworkSingleTaskProtocol.h */,
				510BB25223A75C8200A97F0A /* HyNetworkMutipleTasksProtocol.h */,
				510BB24D23A7420D00A97F0A /* HyNetworkBaseTaskInfoProtocol.h */,
				510BB24E23A7568800A97F0A /* HyNetworkSingleTaskInfoProtocol.h */,
				510BB24123A7335600A97F0A /* HyNetworkMutipleTasksInfoProtocol.h */,
				513435562390BC83007600EA /* HyMultipartFormDataProtocol.h */,
				510BB22323A7268B00A97F0A /* HyNetworkSuccessProtocol.h */,
				510BB22423A726AD00A97F0A /* HyNetworkFailureProtocol.h */,
				510BB22523A726DF00A97F0A /* HyNetworkCompletionProtocol.h */,
				513435692390ED13007600EA /* HyNetworkCacheProtocol.h */,
				510BB24C23A73E5900A97F0A /* HyNetworkTypedef.h */,
				510BB22F23A72B7100A97F0A /* Base */,
				513435622390C66D007600EA /* YYCache */,
				51343546238FB697007600EA /* AFNetworking */,
			);
			path = Network;
			sourceTree = "<group>";
		};
		51CF98EB2387C5BC00207DB3 /* News */ = {
			isa = PBXGroup;
			children = (
				51CF98EC2387C5CD00207DB3 /* HyNewsViewController.h */,
				51CF98ED2387C5CD00207DB3 /* HyNewsViewController.m */,
				51CF98EF2387C5EA00207DB3 /* HyNewsViewModel.h */,
				51CF98F02387C5EA00207DB3 /* HyNewsViewModel.m */,
				51CF98F22387C63300207DB3 /* HyNewsModel.h */,
				51CF98F32387C63300207DB3 /* HyNewsModel.m */,
				51CF98F82387C77C00207DB3 /* HyNewsCell.h */,
				51CF98F92387C77C00207DB3 /* HyNewsCell.m */,
				51CF98F52387C76C00207DB3 /* HyNewsImageCell.h */,
				51CF98F62387C76C00207DB3 /* HyNewsImageCell.m */,
			);
			path = News;
			sourceTree = "<group>";
		};
		BD1DF956C0DB9EE5688DE864 /* Pods */ = {
			isa = PBXGroup;
			children = (
				4692DDED328B7273CF5A20E9 /* Pods-DemoCode.debug.xcconfig */,
				940EB0552BB229DC24EA24A2 /* Pods-DemoCode.release.xcconfig */,
			);
			path = Pods;
			sourceTree = "<group>";
		};
		C9DAF13C1B32ECB90B69B75B /* Frameworks */ = {
			isa = PBXGroup;
			children = (
				0A4370958740260EABFA1F4A /* Pods_DemoCode.framework */,
			);
			name = Frameworks;
			sourceTree = "<group>";
		};
/* End PBXGroup section */

/* Begin PBXNativeTarget section */
		51559EC323827A59007904C8 /* DemoCode */ = {
			isa = PBXNativeTarget;
			buildConfigurationList = 51559EF323827A5A007904C8 /* Build configuration list for PBXNativeTarget "DemoCode" */;
			buildPhases = (
				F86B5A33FA645EBD5D07310A /* [CP] Check Pods Manifest.lock */,
				51559EC023827A59007904C8 /* Sources */,
				51559EC123827A59007904C8 /* Frameworks */,
				51559EC223827A59007904C8 /* Resources */,
				8EED8E92D7D8CB31005F7523 /* [CP] Embed Pods Frameworks */,
			);
			buildRules = (
			);
			dependencies = (
			);
			name = DemoCode;
			productName = DemoCode;
			productReference = 51559EC423827A59007904C8 /* DemoCode.app */;
			productType = "com.apple.product-type.application";
		};
		51559EDE23827A5A007904C8 /* DemoCodeTests */ = {
			isa = PBXNativeTarget;
			buildConfigurationList = 51559EF623827A5A007904C8 /* Build configuration list for PBXNativeTarget "DemoCodeTests" */;
			buildPhases = (
				51559EDB23827A5A007904C8 /* Sources */,
				51559EDC23827A5A007904C8 /* Frameworks */,
				51559EDD23827A5A007904C8 /* Resources */,
			);
			buildRules = (
			);
			dependencies = (
				51559EE123827A5A007904C8 /* PBXTargetDependency */,
			);
			name = DemoCodeTests;
			productName = DemoCodeTests;
			productReference = 51559EDF23827A5A007904C8 /* DemoCodeTests.xctest */;
			productType = "com.apple.product-type.bundle.unit-test";
		};
		51559EE923827A5A007904C8 /* DemoCodeUITests */ = {
			isa = PBXNativeTarget;
			buildConfigurationList = 51559EF923827A5A007904C8 /* Build configuration list for PBXNativeTarget "DemoCodeUITests" */;
			buildPhases = (
				51559EE623827A5A007904C8 /* Sources */,
				51559EE723827A5A007904C8 /* Frameworks */,
				51559EE823827A5A007904C8 /* Resources */,
			);
			buildRules = (
			);
			dependencies = (
				51559EEC23827A5A007904C8 /* PBXTargetDependency */,
			);
			name = DemoCodeUITests;
			productName = DemoCodeUITests;
			productReference = 51559EEA23827A5A007904C8 /* DemoCodeUITests.xctest */;
			productType = "com.apple.product-type.bundle.ui-testing";
		};
/* End PBXNativeTarget section */

/* Begin PBXProject section */
		51559EBC23827A59007904C8 /* Project object */ = {
			isa = PBXProject;
			attributes = {
				LastUpgradeCheck = 1110;
				ORGANIZATIONNAME = Hy;
				TargetAttributes = {
					51559EC323827A59007904C8 = {
						CreatedOnToolsVersion = 11.1;
					};
					51559EDE23827A5A007904C8 = {
						CreatedOnToolsVersion = 11.1;
						TestTargetID = 51559EC323827A59007904C8;
					};
					51559EE923827A5A007904C8 = {
						CreatedOnToolsVersion = 11.1;
						TestTargetID = 51559EC323827A59007904C8;
					};
				};
			};
			buildConfigurationList = 51559EBF23827A59007904C8 /* Build configuration list for PBXProject "DemoCode" */;
			compatibilityVersion = "Xcode 9.3";
			developmentRegion = en;
			hasScannedForEncodings = 0;
			knownRegions = (
				en,
				Base,
			);
			mainGroup = 51559EBB23827A59007904C8;
			productRefGroup = 51559EC523827A59007904C8 /* Products */;
			projectDirPath = "";
			projectRoot = "";
			targets = (
				51559EC323827A59007904C8 /* DemoCode */,
				51559EDE23827A5A007904C8 /* DemoCodeTests */,
				51559EE923827A5A007904C8 /* DemoCodeUITests */,
			);
		};
/* End PBXProject section */

/* Begin PBXResourcesBuildPhase section */
		51559EC223827A59007904C8 /* Resources */ = {
			isa = PBXResourcesBuildPhase;
			buildActionMask = 2147483647;
			files = (
				51559ED723827A59007904C8 /* LaunchScreen.storyboard in Resources */,
				51559ED423827A59007904C8 /* Assets.xcassets in Resources */,
				51559ED223827A59007904C8 /* Main.storyboard in Resources */,
			);
			runOnlyForDeploymentPostprocessing = 0;
		};
		51559EDD23827A5A007904C8 /* Resources */ = {
			isa = PBXResourcesBuildPhase;
			buildActionMask = 2147483647;
			files = (
			);
			runOnlyForDeploymentPostprocessing = 0;
		};
		51559EE823827A5A007904C8 /* Resources */ = {
			isa = PBXResourcesBuildPhase;
			buildActionMask = 2147483647;
			files = (
			);
			runOnlyForDeploymentPostprocessing = 0;
		};
/* End PBXResourcesBuildPhase section */

/* Begin PBXShellScriptBuildPhase section */
		8EED8E92D7D8CB31005F7523 /* [CP] Embed Pods Frameworks */ = {
			isa = PBXShellScriptBuildPhase;
			buildActionMask = 2147483647;
			files = (
			);
			inputFileListPaths = (
				"${PODS_ROOT}/Target Support Files/Pods-DemoCode/Pods-DemoCode-frameworks-${CONFIGURATION}-input-files.xcfilelist",
			);
			name = "[CP] Embed Pods Frameworks";
			outputFileListPaths = (
				"${PODS_ROOT}/Target Support Files/Pods-DemoCode/Pods-DemoCode-frameworks-${CONFIGURATION}-output-files.xcfilelist",
			);
			runOnlyForDeploymentPostprocessing = 0;
			shellPath = /bin/sh;
			shellScript = "\"${PODS_ROOT}/Target Support Files/Pods-DemoCode/Pods-DemoCode-frameworks.sh\"\n";
			showEnvVarsInLog = 0;
		};
		F86B5A33FA645EBD5D07310A /* [CP] Check Pods Manifest.lock */ = {
			isa = PBXShellScriptBuildPhase;
			buildActionMask = 2147483647;
			files = (
			);
			inputFileListPaths = (
			);
			inputPaths = (
				"${PODS_PODFILE_DIR_PATH}/Podfile.lock",
				"${PODS_ROOT}/Manifest.lock",
			);
			name = "[CP] Check Pods Manifest.lock";
			outputFileListPaths = (
			);
			outputPaths = (
				"$(DERIVED_FILE_DIR)/Pods-DemoCode-checkManifestLockResult.txt",
			);
			runOnlyForDeploymentPostprocessing = 0;
			shellPath = /bin/sh;
			shellScript = "diff \"${PODS_PODFILE_DIR_PATH}/Podfile.lock\" \"${PODS_ROOT}/Manifest.lock\" > /dev/null\nif [ $? != 0 ] ; then\n    # print error to STDERR\n    echo \"error: The sandbox is not in sync with the Podfile.lock. Run 'pod install' or update your CocoaPods installation.\" >&2\n    exit 1\nfi\n# This output is used by Xcode 'outputs' to avoid re-running this script phase.\necho \"SUCCESS\" > \"${SCRIPT_OUTPUT_FILE_0}\"\n";
			showEnvVarsInLog = 0;
		};
/* End PBXShellScriptBuildPhase section */

/* Begin PBXSourcesBuildPhase section */
		51559EC023827A59007904C8 /* Sources */ = {
			isa = PBXSourcesBuildPhase;
			buildActionMask = 2147483647;
			files = (
				51343534238E877D007600EA /* MJRefreshViewFactory.m in Sources */,
				51343503238E1B64007600EA /* UITableView+HySignalExtension.m in Sources */,
				513435652390C689007600EA /* YYNetworkCache.m in Sources */,
				510BB25123A75BAF00A97F0A /* HyNetworkMutipleTasks.m in Sources */,
				51784F5D238CF47500EB2F14 /* HyListModel.m in Sources */,
				51559ECF23827A59007904C8 /* ViewController.m in Sources */,
				5134358B23966F63007600EA /* HyTipStatusView.m in Sources */,
				513435552390B68D007600EA /* RACSignal+Network.m in Sources */,
				51784F5C238CF47500EB2F14 /* HyView.m in Sources */,
				5134361B2397B35F007600EA /* HyTipViewAnimationShowNone.m in Sources */,
				51343532238E877D007600EA /* MJRefreshViewHeader.m in Sources */,
				51A247B4239A44CB002497BB /* HyTipTopTool.m in Sources */,
				51343545238FAD48007600EA /* HyNetworkManager.m in Sources */,
				513436132397A1AB007600EA /* HyTipViewAnimationDismissStretch.m in Sources */,
				513435EF23978F5D007600EA /* HyTipViewAnimationDismissNone.m in Sources */,
				51559F5D23838ECD007904C8 /* HyMeViewController.m in Sources */,
				51784F59238CF47500EB2F14 /* HyTableView.m in Sources */,
				51A247912399155B002497BB /* HyTip.m in Sources */,
				51784F60238CF47500EB2F14 /* HyCollectionView.m in Sources */,
				510BB23A23A72B7100A97F0A /* HyNetworkCompletionObject.m in Sources */,
				51A247962399FBB4002497BB /* HyTipText.m in Sources */,
				5134354C238FC0EE007600EA /* AFNetworkSingleTask.m in Sources */,
				51784F232387FE1E00EB2F14 /* HyRecommendViewModel.m in Sources */,
				51343506238E20A7007600EA /* UICollectionView+HySignalExtension.m in Sources */,
				51CF98FA2387C77C00207DB3 /* HyNewsCell.m in Sources */,
				51559EC923827A59007904C8 /* AppDelegate.m in Sources */,
				51A247992399FBC8002497BB /* HyTipTextView.m in Sources */,
				51CF98F72387C76C00207DB3 /* HyNewsImageCell.m in Sources */,
				51343533238E877D007600EA /* MJRefreshViewFooter.m in Sources */,
				51784F5B238CF47500EB2F14 /* HyListViewModel.m in Sources */,
				513435992397666A007600EA /* HyTipView.m in Sources */,
				51784F202387FE0C00EB2F14 /* HyRecommendViewController.m in Sources */,
				513435812394F414007600EA /* HyHUD.m in Sources */,
				51559F192382806C007904C8 /* RACSignal+HyExtension.m in Sources */,
				51343535238E877D007600EA /* HyRefreshViewManager.m in Sources */,
				5134358823966F55007600EA /* HyTipStatus.m in Sources */,
				51559F7C2383F9E0007904C8 /* HyTextFieldView.m in Sources */,
				5120D98423851193002B3A1C /* RACSignal+HyViewControllerJump.m in Sources */,
				51784F5E238CF47500EB2F14 /* HyViewModel.m in Sources */,
				51CF98F12387C5EA00207DB3 /* HyNewsViewModel.m in Sources */,
				510BB17123A1EFA800A97F0A /* NSObject+HyProtocol.m in Sources */,
				513436242397B410007600EA /* HyTipViewAnimationShowTranslation.m in Sources */,
				510BB23D23A72B7100A97F0A /* HyNetwork.m in Sources */,
				51343530238E877D007600EA /* KafkaRefreshHeader.m in Sources */,
				510BB24423A734D700A97F0A /* HyNetworkSignleTaskInfo.m in Sources */,
				5134361023979F92007600EA /* HyTipViewAnimationDismissTranslation.m in Sources */,
				5134355B2390BD15007600EA /* AFMultipartFormDataObject.m in Sources */,
				51559F1C2382807F007904C8 /* RACCommand+HyExtension.m in Sources */,
				51559F6623839161007904C8 /* HyMeView.m in Sources */,
				51559F602383913F007904C8 /* HyMeViewModel.m in Sources */,
				510BB23B23A72B7100A97F0A /* HyNetworkFailureObject.m in Sources */,
				5120D987238511A4002B3A1C /* RACCommand+HyViewControllerJump.m in Sources */,
				510BB24723A734E400A97F0A /* HyNetworkMutipleTasksInfo.m in Sources */,
				510BB23E23A72B7100A97F0A /* HyNetworkSuccessObject.m in Sources */,
				51784F262387FE3400EB2F14 /* HyRecommendCell.m in Sources */,
				51559F6323839153007904C8 /* HyMeModel.m in Sources */,
				51559F1F2382808E007904C8 /* RACSubject+HyExtension.m in Sources */,
				51784F61238CF47500EB2F14 /* HyViewController.m in Sources */,
				513435822394F414007600EA /* HyHUDView.m in Sources */,
				5134359F239766A9007600EA /* HyTipViewAnimation.m in Sources */,
				51559EDA23827A59007904C8 /* main.m in Sources */,
				51A247B7239A4A3B002497BB /* HyTipCenterTool.m in Sources */,
				51CF98F42387C63300207DB3 /* HyNewsModel.m in Sources */,
				5134352F238E877D007600EA /* KafkaRefreshFooter.m in Sources */,
				5134361E2397B3F3007600EA /* HyTipViewAnimationShowFade.m in Sources */,
				513435F223978F68007600EA /* HyTipViewAnimationDismissFade.m in Sources */,
				513436182397A6FB007600EA /* HyTipViewPosition.m in Sources */,
				51A2483A239F5345002497BB /* HyRefreshAnimationView.m in Sources */,
				510BB23C23A72B7100A97F0A /* HyNetworkBaseTaskInfo.m in Sources */,
				51559ECC23827A59007904C8 /* SceneDelegate.m in Sources */,
				513435542390B68D007600EA /* RACCommand+Network.m in Sources */,
				513436212397B3FE007600EA /* HyTipViewAnimationShowScale.m in Sources */,
				5134360D23979D49007600EA /* HyTipViewAnimationDismissScale.m in Sources */,
				51343549238FB6C7007600EA /* AFNetwork.m in Sources */,
				51784F29238CCB9000EB2F14 /* HyTabBarController.m in Sources */,
				51343531238E877D007600EA /* KafkaRefreshFactory.m in Sources */,
				513436272397B41E007600EA /* HyTipViewAnimationShowStretch.m in Sources */,
				51A247BA239A4AF4002497BB /* HyTipBottomTool.m in Sources */,
				51784F5A238CF47500EB2F14 /* HyModel.m in Sources */,
				51CF98EE2387C5CD00207DB3 /* HyNewsViewController.m in Sources */,
			);
			runOnlyForDeploymentPostprocessing = 0;
		};
		51559EDB23827A5A007904C8 /* Sources */ = {
			isa = PBXSourcesBuildPhase;
			buildActionMask = 2147483647;
			files = (
				51559EE423827A5A007904C8 /* DemoCodeTests.m in Sources */,
			);
			runOnlyForDeploymentPostprocessing = 0;
		};
		51559EE623827A5A007904C8 /* Sources */ = {
			isa = PBXSourcesBuildPhase;
			buildActionMask = 2147483647;
			files = (
				51559EEF23827A5A007904C8 /* DemoCodeUITests.m in Sources */,
			);
			runOnlyForDeploymentPostprocessing = 0;
		};
/* End PBXSourcesBuildPhase section */

/* Begin PBXTargetDependency section */
		51559EE123827A5A007904C8 /* PBXTargetDependency */ = {
			isa = PBXTargetDependency;
			target = 51559EC323827A59007904C8 /* DemoCode */;
			targetProxy = 51559EE023827A5A007904C8 /* PBXContainerItemProxy */;
		};
		51559EEC23827A5A007904C8 /* PBXTargetDependency */ = {
			isa = PBXTargetDependency;
			target = 51559EC323827A59007904C8 /* DemoCode */;
			targetProxy = 51559EEB23827A5A007904C8 /* PBXContainerItemProxy */;
		};
/* End PBXTargetDependency section */

/* Begin PBXVariantGroup section */
		51559ED023827A59007904C8 /* Main.storyboard */ = {
			isa = PBXVariantGroup;
			children = (
				51559ED123827A59007904C8 /* Base */,
			);
			name = Main.storyboard;
			sourceTree = "<group>";
		};
		51559ED523827A59007904C8 /* LaunchScreen.storyboard */ = {
			isa = PBXVariantGroup;
			children = (
				51559ED623827A59007904C8 /* Base */,
			);
			name = LaunchScreen.storyboard;
			sourceTree = "<group>";
		};
/* End PBXVariantGroup section */

/* Begin XCBuildConfiguration section */
		51559EF123827A5A007904C8 /* Debug */ = {
			isa = XCBuildConfiguration;
			buildSettings = {
				ALWAYS_SEARCH_USER_PATHS = NO;
				CLANG_ANALYZER_NONNULL = YES;
				CLANG_ANALYZER_NUMBER_OBJECT_CONVERSION = YES_AGGRESSIVE;
				CLANG_CXX_LANGUAGE_STANDARD = "gnu++14";
				CLANG_CXX_LIBRARY = "libc++";
				CLANG_ENABLE_MODULES = YES;
				CLANG_ENABLE_OBJC_ARC = YES;
				CLANG_ENABLE_OBJC_WEAK = YES;
				CLANG_WARN_BLOCK_CAPTURE_AUTORELEASING = YES;
				CLANG_WARN_BOOL_CONVERSION = YES;
				CLANG_WARN_COMMA = YES;
				CLANG_WARN_CONSTANT_CONVERSION = YES;
				CLANG_WARN_DEPRECATED_OBJC_IMPLEMENTATIONS = YES;
				CLANG_WARN_DIRECT_OBJC_ISA_USAGE = YES_ERROR;
				CLANG_WARN_DOCUMENTATION_COMMENTS = YES;
				CLANG_WARN_EMPTY_BODY = YES;
				CLANG_WARN_ENUM_CONVERSION = YES;
				CLANG_WARN_INFINITE_RECURSION = YES;
				CLANG_WARN_INT_CONVERSION = YES;
				CLANG_WARN_NON_LITERAL_NULL_CONVERSION = YES;
				CLANG_WARN_OBJC_IMPLICIT_RETAIN_SELF = YES;
				CLANG_WARN_OBJC_LITERAL_CONVERSION = YES;
				CLANG_WARN_OBJC_ROOT_CLASS = YES_ERROR;
				CLANG_WARN_RANGE_LOOP_ANALYSIS = YES;
				CLANG_WARN_STRICT_PROTOTYPES = YES;
				CLANG_WARN_SUSPICIOUS_MOVE = YES;
				CLANG_WARN_UNGUARDED_AVAILABILITY = YES_AGGRESSIVE;
				CLANG_WARN_UNREACHABLE_CODE = YES;
				CLANG_WARN__DUPLICATE_METHOD_MATCH = YES;
				COPY_PHASE_STRIP = NO;
				DEBUG_INFORMATION_FORMAT = dwarf;
				ENABLE_STRICT_OBJC_MSGSEND = YES;
				ENABLE_TESTABILITY = YES;
				GCC_C_LANGUAGE_STANDARD = gnu11;
				GCC_DYNAMIC_NO_PIC = NO;
				GCC_NO_COMMON_BLOCKS = YES;
				GCC_OPTIMIZATION_LEVEL = 0;
				GCC_PREPROCESSOR_DEFINITIONS = (
					"DEBUG=1",
					"$(inherited)",
				);
				GCC_WARN_64_TO_32_BIT_CONVERSION = YES;
				GCC_WARN_ABOUT_RETURN_TYPE = YES_ERROR;
				GCC_WARN_UNDECLARED_SELECTOR = YES;
				GCC_WARN_UNINITIALIZED_AUTOS = YES_AGGRESSIVE;
				GCC_WARN_UNUSED_FUNCTION = YES;
				GCC_WARN_UNUSED_VARIABLE = YES;
				IPHONEOS_DEPLOYMENT_TARGET = 10.0;
				MTL_ENABLE_DEBUG_INFO = INCLUDE_SOURCE;
				MTL_FAST_MATH = YES;
				ONLY_ACTIVE_ARCH = YES;
				SDKROOT = iphoneos;
			};
			name = Debug;
		};
		51559EF223827A5A007904C8 /* Release */ = {
			isa = XCBuildConfiguration;
			buildSettings = {
				ALWAYS_SEARCH_USER_PATHS = NO;
				CLANG_ANALYZER_NONNULL = YES;
				CLANG_ANALYZER_NUMBER_OBJECT_CONVERSION = YES_AGGRESSIVE;
				CLANG_CXX_LANGUAGE_STANDARD = "gnu++14";
				CLANG_CXX_LIBRARY = "libc++";
				CLANG_ENABLE_MODULES = YES;
				CLANG_ENABLE_OBJC_ARC = YES;
				CLANG_ENABLE_OBJC_WEAK = YES;
				CLANG_WARN_BLOCK_CAPTURE_AUTORELEASING = YES;
				CLANG_WARN_BOOL_CONVERSION = YES;
				CLANG_WARN_COMMA = YES;
				CLANG_WARN_CONSTANT_CONVERSION = YES;
				CLANG_WARN_DEPRECATED_OBJC_IMPLEMENTATIONS = YES;
				CLANG_WARN_DIRECT_OBJC_ISA_USAGE = YES_ERROR;
				CLANG_WARN_DOCUMENTATION_COMMENTS = YES;
				CLANG_WARN_EMPTY_BODY = YES;
				CLANG_WARN_ENUM_CONVERSION = YES;
				CLANG_WARN_INFINITE_RECURSION = YES;
				CLANG_WARN_INT_CONVERSION = YES;
				CLANG_WARN_NON_LITERAL_NULL_CONVERSION = YES;
				CLANG_WARN_OBJC_IMPLICIT_RETAIN_SELF = YES;
				CLANG_WARN_OBJC_LITERAL_CONVERSION = YES;
				CLANG_WARN_OBJC_ROOT_CLASS = YES_ERROR;
				CLANG_WARN_RANGE_LOOP_ANALYSIS = YES;
				CLANG_WARN_STRICT_PROTOTYPES = YES;
				CLANG_WARN_SUSPICIOUS_MOVE = YES;
				CLANG_WARN_UNGUARDED_AVAILABILITY = YES_AGGRESSIVE;
				CLANG_WARN_UNREACHABLE_CODE = YES;
				CLANG_WARN__DUPLICATE_METHOD_MATCH = YES;
				COPY_PHASE_STRIP = NO;
				DEBUG_INFORMATION_FORMAT = "dwarf-with-dsym";
				ENABLE_NS_ASSERTIONS = NO;
				ENABLE_STRICT_OBJC_MSGSEND = YES;
				GCC_C_LANGUAGE_STANDARD = gnu11;
				GCC_NO_COMMON_BLOCKS = YES;
				GCC_WARN_64_TO_32_BIT_CONVERSION = YES;
				GCC_WARN_ABOUT_RETURN_TYPE = YES_ERROR;
				GCC_WARN_UNDECLARED_SELECTOR = YES;
				GCC_WARN_UNINITIALIZED_AUTOS = YES_AGGRESSIVE;
				GCC_WARN_UNUSED_FUNCTION = YES;
				GCC_WARN_UNUSED_VARIABLE = YES;
				IPHONEOS_DEPLOYMENT_TARGET = 10.0;
				MTL_ENABLE_DEBUG_INFO = NO;
				MTL_FAST_MATH = YES;
				SDKROOT = iphoneos;
				VALIDATE_PRODUCT = YES;
			};
			name = Release;
		};
		51559EF423827A5A007904C8 /* Debug */ = {
			isa = XCBuildConfiguration;
			baseConfigurationReference = 4692DDED328B7273CF5A20E9 /* Pods-DemoCode.debug.xcconfig */;
			buildSettings = {
				ASSETCATALOG_COMPILER_APPICON_NAME = AppIcon;
				CODE_SIGN_STYLE = Automatic;
				DEVELOPMENT_TEAM = L5TRHD689W;
				INFOPLIST_FILE = DemoCode/Info.plist;
				IPHONEOS_DEPLOYMENT_TARGET = 10.0;
				LD_RUNPATH_SEARCH_PATHS = (
					"$(inherited)",
					"@executable_path/Frameworks",
				);
				PRODUCT_BUNDLE_IDENTIFIER = hydreamit.DemoCode;
				PRODUCT_NAME = "$(TARGET_NAME)";
				TARGETED_DEVICE_FAMILY = 1;
			};
			name = Debug;
		};
		51559EF523827A5A007904C8 /* Release */ = {
			isa = XCBuildConfiguration;
			baseConfigurationReference = 940EB0552BB229DC24EA24A2 /* Pods-DemoCode.release.xcconfig */;
			buildSettings = {
				ASSETCATALOG_COMPILER_APPICON_NAME = AppIcon;
				CODE_SIGN_STYLE = Automatic;
				DEVELOPMENT_TEAM = L5TRHD689W;
				INFOPLIST_FILE = DemoCode/Info.plist;
				IPHONEOS_DEPLOYMENT_TARGET = 10.0;
				LD_RUNPATH_SEARCH_PATHS = (
					"$(inherited)",
					"@executable_path/Frameworks",
				);
				PRODUCT_BUNDLE_IDENTIFIER = hydreamit.DemoCode;
				PRODUCT_NAME = "$(TARGET_NAME)";
				TARGETED_DEVICE_FAMILY = 1;
			};
			name = Release;
		};
		51559EF723827A5A007904C8 /* Debug */ = {
			isa = XCBuildConfiguration;
			buildSettings = {
				BUNDLE_LOADER = "$(TEST_HOST)";
				CODE_SIGN_STYLE = Automatic;
				INFOPLIST_FILE = DemoCodeTests/Info.plist;
				IPHONEOS_DEPLOYMENT_TARGET = 13.1;
				LD_RUNPATH_SEARCH_PATHS = (
					"$(inherited)",
					"@executable_path/Frameworks",
					"@loader_path/Frameworks",
				);
				PRODUCT_BUNDLE_IDENTIFIER = hydreamit.DemoCodeTests;
				PRODUCT_NAME = "$(TARGET_NAME)";
				TARGETED_DEVICE_FAMILY = "1,2";
				TEST_HOST = "$(BUILT_PRODUCTS_DIR)/DemoCode.app/DemoCode";
			};
			name = Debug;
		};
		51559EF823827A5A007904C8 /* Release */ = {
			isa = XCBuildConfiguration;
			buildSettings = {
				BUNDLE_LOADER = "$(TEST_HOST)";
				CODE_SIGN_STYLE = Automatic;
				INFOPLIST_FILE = DemoCodeTests/Info.plist;
				IPHONEOS_DEPLOYMENT_TARGET = 13.1;
				LD_RUNPATH_SEARCH_PATHS = (
					"$(inherited)",
					"@executable_path/Frameworks",
					"@loader_path/Frameworks",
				);
				PRODUCT_BUNDLE_IDENTIFIER = hydreamit.DemoCodeTests;
				PRODUCT_NAME = "$(TARGET_NAME)";
				TARGETED_DEVICE_FAMILY = "1,2";
				TEST_HOST = "$(BUILT_PRODUCTS_DIR)/DemoCode.app/DemoCode";
			};
			name = Release;
		};
		51559EFA23827A5A007904C8 /* Debug */ = {
			isa = XCBuildConfiguration;
			buildSettings = {
				CODE_SIGN_STYLE = Automatic;
				INFOPLIST_FILE = DemoCodeUITests/Info.plist;
				LD_RUNPATH_SEARCH_PATHS = (
					"$(inherited)",
					"@executable_path/Frameworks",
					"@loader_path/Frameworks",
				);
				PRODUCT_BUNDLE_IDENTIFIER = hydreamit.DemoCodeUITests;
				PRODUCT_NAME = "$(TARGET_NAME)";
				TARGETED_DEVICE_FAMILY = "1,2";
				TEST_TARGET_NAME = DemoCode;
			};
			name = Debug;
		};
		51559EFB23827A5A007904C8 /* Release */ = {
			isa = XCBuildConfiguration;
			buildSettings = {
				CODE_SIGN_STYLE = Automatic;
				INFOPLIST_FILE = DemoCodeUITests/Info.plist;
				LD_RUNPATH_SEARCH_PATHS = (
					"$(inherited)",
					"@executable_path/Frameworks",
					"@loader_path/Frameworks",
				);
				PRODUCT_BUNDLE_IDENTIFIER = hydreamit.DemoCodeUITests;
				PRODUCT_NAME = "$(TARGET_NAME)";
				TARGETED_DEVICE_FAMILY = "1,2";
				TEST_TARGET_NAME = DemoCode;
			};
			name = Release;
		};
/* End XCBuildConfiguration section */

/* Begin XCConfigurationList section */
		51559EBF23827A59007904C8 /* Build configuration list for PBXProject "DemoCode" */ = {
			isa = XCConfigurationList;
			buildConfigurations = (
				51559EF123827A5A007904C8 /* Debug */,
				51559EF223827A5A007904C8 /* Release */,
			);
			defaultConfigurationIsVisible = 0;
			defaultConfigurationName = Release;
		};
		51559EF323827A5A007904C8 /* Build configuration list for PBXNativeTarget "DemoCode" */ = {
			isa = XCConfigurationList;
			buildConfigurations = (
				51559EF423827A5A007904C8 /* Debug */,
				51559EF523827A5A007904C8 /* Release */,
			);
			defaultConfigurationIsVisible = 0;
			defaultConfigurationName = Release;
		};
		51559EF623827A5A007904C8 /* Build configuration list for PBXNativeTarget "DemoCodeTests" */ = {
			isa = XCConfigurationList;
			buildConfigurations = (
				51559EF723827A5A007904C8 /* Debug */,
				51559EF823827A5A007904C8 /* Release */,
			);
			defaultConfigurationIsVisible = 0;
			defaultConfigurationName = Release;
		};
		51559EF923827A5A007904C8 /* Build configuration list for PBXNativeTarget "DemoCodeUITests" */ = {
			isa = XCConfigurationList;
			buildConfigurations = (
				51559EFA23827A5A007904C8 /* Debug */,
				51559EFB23827A5A007904C8 /* Release */,
			);
			defaultConfigurationIsVisible = 0;
			defaultConfigurationName = Release;
		};
/* End XCConfigurationList section */
	};
	rootObject = 51559EBC23827A59007904C8 /* Project object */;
}
